
Microsoft Visual Studio Solution File, Format Version 12.00
# Visual Studio Version 17
VisualStudioVersion = 17.3.32922.545
MinimumVisualStudioVersion = 10.0.40219.1
Project("{8BC9CEB8-8B4A-11D0-8D11-00A0C91BC942}") = "curlpp-0.8.1", "..\..\3rdparty\curlpp-0.8.1\build\curlpp-0.8.1.vcxproj", "{2FB632C0-3C64-3BAE-9E3E-939DC9B078C4}"
EndProject
Project("{8BC9CEB8-8B4A-11D0-8D11-00A0C91BC942}") = "libiconv_static", "..\..\3rdparty\libiconv\MSVC17\libiconv_static\libiconv_static.vcxproj", "{F9C13A95-C7EB-40F3-A599-3695C1E0CF38}"
EndProject
Project("{8BC9CEB8-8B4A-11D0-8D11-00A0C91BC942}") = "libdui", "..\..\3rdparty\duilib\duilib.vcxproj", "{604863C3-EE26-416E-8DCE-6869133D5C07}"
EndProject
Project("{8BC9CEB8-8B4A-11D0-8D11-00A0C91BC942}") = "libcurl_zlib_ssl3-7.85.0", "..\..\3rdparty\curl-7.85.0\projects\Windows\VC17.3.5\lib\libcurl_zlib_ssl3-7.85.0.vcxproj", "{E369257D-A0D3-4D84-8163-EE12C02A942A}"
EndProject
Project("{8BC9CEB8-8B4A-11D0-8D11-00A0C91BC942}") = "bit7z", "..\..\3rdparty\bit7z\bit7z.vcxproj", "{0ECEDD47-4EC9-3232-B099-20D54C597639}"
EndProject
Project("{8BC9CEB8-8B4A-11D0-8D11-00A0C91BC942}") = "zlib-1.2.11", "..\..\3rdparty\zlib-1.2.11\build\zlib-1.2.11.vcxproj", "{2126E8F0-EA74-3D9F-9E88-0075EC0DA387}"
EndProject
Project("{8BC9CEB8-8B4A-11D0-8D11-00A0C91BC942}") = "libzip-1.7.3", "..\..\3rdparty\libzip-1.7.3\build\lib\libzip-1.7.3.vcxproj", "{DA7634E8-2776-31F3-957C-D51B70BB6C67}"
EndProject
Project("{8BC9CEB8-8B4A-11D0-8D11-00A0C91BC942}") = "libzippp", "..\..\3rdparty\libzippp\build\libzippp.vcxproj", "{431C4982-BB3F-30E5-B190-562ADD23E4BD}"
EndProject
Global
	GlobalSection(SolutionConfigurationPlatforms) = preSolution
		Debug|Itanium = Debug|Itanium
		Debug|x64 = Debug|x64
		Debug|x86 = Debug|x86
		Release|Itanium = Release|Itanium
		Release|x64 = Release|x64
		Release|x86 = Release|x86
		ReleaseWithoutAsm|Itanium = ReleaseWithoutAsm|Itanium
		ReleaseWithoutAsm|x64 = ReleaseWithoutAsm|x64
		ReleaseWithoutAsm|x86 = ReleaseWithoutAsm|x86
	EndGlobalSection
	GlobalSection(ProjectConfigurationPlatforms) = postSolution
		{2FB632C0-3C64-3BAE-9E3E-939DC9B078C4}.Debug|Itanium.ActiveCfg = Debug|x64
		{2FB632C0-3C64-3BAE-9E3E-939DC9B078C4}.Debug|Itanium.Build.0 = Debug|x64
		{2FB632C0-3C64-3BAE-9E3E-939DC9B078C4}.Debug|x64.ActiveCfg = Debug|x64
		{2FB632C0-3C64-3BAE-9E3E-939DC9B078C4}.Debug|x64.Build.0 = Debug|x64
		{2FB632C0-3C64-3BAE-9E3E-939DC9B078C4}.Debug|x86.ActiveCfg = Debug|Win32
		{2FB632C0-3C64-3BAE-9E3E-939DC9B078C4}.Debug|x86.Build.0 = Debug|Win32
		{2FB632C0-3C64-3BAE-9E3E-939DC9B078C4}.Release|Itanium.ActiveCfg = Release|x64
		{2FB632C0-3C64-3BAE-9E3E-939DC9B078C4}.Release|Itanium.Build.0 = Release|x64
		{2FB632C0-3C64-3BAE-9E3E-939DC9B078C4}.Release|x64.ActiveCfg = Release|x64
		{2FB632C0-3C64-3BAE-9E3E-939DC9B078C4}.Release|x64.Build.0 = Release|x64
		{2FB632C0-3C64-3BAE-9E3E-939DC9B078C4}.Release|x86.ActiveCfg = Release|Win32
		{2FB632C0-3C64-3BAE-9E3E-939DC9B078C4}.Release|x86.Build.0 = Release|Win32
		{2FB632C0-3C64-3BAE-9E3E-939DC9B078C4}.ReleaseWithoutAsm|Itanium.ActiveCfg = Release|x64
		{2FB632C0-3C64-3BAE-9E3E-939DC9B078C4}.ReleaseWithoutAsm|Itanium.Build.0 = Release|x64
		{2FB632C0-3C64-3BAE-9E3E-939DC9B078C4}.ReleaseWithoutAsm|x64.ActiveCfg = Release|x64
		{2FB632C0-3C64-3BAE-9E3E-939DC9B078C4}.ReleaseWithoutAsm|x64.Build.0 = Release|x64
		{2FB632C0-3C64-3BAE-9E3E-939DC9B078C4}.ReleaseWithoutAsm|x86.ActiveCfg = Release|Win32
		{2FB632C0-3C64-3BAE-9E3E-939DC9B078C4}.ReleaseWithoutAsm|x86.Build.0 = Release|Win32
		{F9C13A95-C7EB-40F3-A599-3695C1E0CF38}.Debug|Itanium.ActiveCfg = Debug|x64
		{F9C13A95-C7EB-40F3-A599-3695C1E0CF38}.Debug|Itanium.Build.0 = Debug|x64
		{F9C13A95-C7EB-40F3-A599-3695C1E0CF38}.Debug|x64.ActiveCfg = Debug|x64
		{F9C13A95-C7EB-40F3-A599-3695C1E0CF38}.Debug|x64.Build.0 = Debug|x64
		{F9C13A95-C7EB-40F3-A599-3695C1E0CF38}.Debug|x86.ActiveCfg = Debug|Win32
		{F9C13A95-C7EB-40F3-A599-3695C1E0CF38}.Debug|x86.Build.0 = Debug|Win32
		{F9C13A95-C7EB-40F3-A599-3695C1E0CF38}.Release|Itanium.ActiveCfg = Release|x64
		{F9C13A95-C7EB-40F3-A599-3695C1E0CF38}.Release|Itanium.Build.0 = Release|x64
		{F9C13A95-C7EB-40F3-A599-3695C1E0CF38}.Release|x64.ActiveCfg = Release|x64
		{F9C13A95-C7EB-40F3-A599-3695C1E0CF38}.Release|x64.Build.0 = Release|x64
		{F9C13A95-C7EB-40F3-A599-3695C1E0CF38}.Release|x86.ActiveCfg = Release|Win32
		{F9C13A95-C7EB-40F3-A599-3695C1E0CF38}.Release|x86.Build.0 = Release|Win32
		{F9C13A95-C7EB-40F3-A599-3695C1E0CF38}.ReleaseWithoutAsm|Itanium.ActiveCfg = Release|x64
		{F9C13A95-C7EB-40F3-A599-3695C1E0CF38}.ReleaseWithoutAsm|Itanium.Build.0 = Release|x64
		{F9C13A95-C7EB-40F3-A599-3695C1E0CF38}.ReleaseWithoutAsm|x64.ActiveCfg = Release|x64
		{F9C13A95-C7EB-40F3-A599-3695C1E0CF38}.ReleaseWithoutAsm|x64.Build.0 = Release|x64
		{F9C13A95-C7EB-40F3-A599-3695C1E0CF38}.ReleaseWithoutAsm|x86.ActiveCfg = Release|Win32
		{F9C13A95-C7EB-40F3-A599-3695C1E0CF38}.ReleaseWithoutAsm|x86.Build.0 = Release|Win32
		{604863C3-EE26-416E-8DCE-6869133D5C07}.Debug|Itanium.ActiveCfg = Debug|x64
		{604863C3-EE26-416E-8DCE-6869133D5C07}.Debug|Itanium.Build.0 = Debug|x64
		{604863C3-EE26-416E-8DCE-6869133D5C07}.Debug|x64.ActiveCfg = Debug|x64
		{604863C3-EE26-416E-8DCE-6869133D5C07}.Debug|x64.Build.0 = Debug|x64
		{604863C3-EE26-416E-8DCE-6869133D5C07}.Debug|x86.ActiveCfg = Debug|Win32
		{604863C3-EE26-416E-8DCE-6869133D5C07}.Debug|x86.Build.0 = Debug|Win32
		{604863C3-EE26-416E-8DCE-6869133D5C07}.Release|Itanium.ActiveCfg = Release|x64
		{604863C3-EE26-416E-8DCE-6869133D5C07}.Release|Itanium.Build.0 = Release|x64
		{604863C3-EE26-416E-8DCE-6869133D5C07}.Release|x64.ActiveCfg = Release|x64
		{604863C3-EE26-416E-8DCE-6869133D5C07}.Release|x64.Build.0 = Release|x64
		{604863C3-EE26-416E-8DCE-6869133D5C07}.Release|x86.ActiveCfg = Release|Win32
		{604863C3-EE26-416E-8DCE-6869133D5C07}.Release|x86.Build.0 = Release|Win32
		{604863C3-EE26-416E-8DCE-6869133D5C07}.ReleaseWithoutAsm|Itanium.ActiveCfg = Release|x64
		{604863C3-EE26-416E-8DCE-6869133D5C07}.ReleaseWithoutAsm|Itanium.Build.0 = Release|x64
		{604863C3-EE26-416E-8DCE-6869133D5C07}.ReleaseWithoutAsm|x64.ActiveCfg = Release|x64
		{604863C3-EE26-416E-8DCE-6869133D5C07}.ReleaseWithoutAsm|x64.Build.0 = Release|x64
		{604863C3-EE26-416E-8DCE-6869133D5C07}.ReleaseWithoutAsm|x86.ActiveCfg = Release|Win32
		{604863C3-EE26-416E-8DCE-6869133D5C07}.ReleaseWithoutAsm|x86.Build.0 = Release|Win32
		{E369257D-A0D3-4D84-8163-EE12C02A942A}.Debug|Itanium.ActiveCfg = Debug|x64
		{E369257D-A0D3-4D84-8163-EE12C02A942A}.Debug|Itanium.Build.0 = Debug|x64
		{E369257D-A0D3-4D84-8163-EE12C02A942A}.Debug|x64.ActiveCfg = Debug|x64
		{E369257D-A0D3-4D84-8163-EE12C02A942A}.Debug|x64.Build.0 = Debug|x64
		{E369257D-A0D3-4D84-8163-EE12C02A942A}.Debug|x86.ActiveCfg = Debug|Win32
		{E369257D-A0D3-4D84-8163-EE12C02A942A}.Debug|x86.Build.0 = Debug|Win32
		{E369257D-A0D3-4D84-8163-EE12C02A942A}.Release|Itanium.ActiveCfg = Release|x64
		{E369257D-A0D3-4D84-8163-EE12C02A942A}.Release|Itanium.Build.0 = Release|x64
		{E369257D-A0D3-4D84-8163-EE12C02A942A}.Release|x64.ActiveCfg = Release|x64
		{E369257D-A0D3-4D84-8163-EE12C02A942A}.Release|x64.Build.0 = Release|x64
		{E369257D-A0D3-4D84-8163-EE12C02A942A}.Release|x86.ActiveCfg = Release|Win32
		{E369257D-A0D3-4D84-8163-EE12C02A942A}.Release|x86.Build.0 = Release|Win32
		{E369257D-A0D3-4D84-8163-EE12C02A942A}.ReleaseWithoutAsm|Itanium.ActiveCfg = Release|x64
		{E369257D-A0D3-4D84-8163-EE12C02A942A}.ReleaseWithoutAsm|Itanium.Build.0 = Release|x64
		{E369257D-A0D3-4D84-8163-EE12C02A942A}.ReleaseWithoutAsm|x64.ActiveCfg = Release|x64
		{E369257D-A0D3-4D84-8163-EE12C02A942A}.ReleaseWithoutAsm|x64.Build.0 = Release|x64
		{E369257D-A0D3-4D84-8163-EE12C02A942A}.ReleaseWithoutAsm|x86.ActiveCfg = Release|Win32
		{E369257D-A0D3-4D84-8163-EE12C02A942A}.ReleaseWithoutAsm|x86.Build.0 = Release|Win32
		{0ECEDD47-4EC9-3232-B099-20D54C597639}.Debug|Itanium.ActiveCfg = Debug|x64
		{0ECEDD47-4EC9-3232-B099-20D54C597639}.Debug|Itanium.Build.0 = Debug|x64
		{0ECEDD47-4EC9-3232-B099-20D54C597639}.Debug|x64.ActiveCfg = Debug|x64
		{0ECEDD47-4EC9-3232-B099-20D54C597639}.Debug|x64.Build.0 = Debug|x64
		{0ECEDD47-4EC9-3232-B099-20D54C597639}.Debug|x86.ActiveCfg = Debug|Win32
		{0ECEDD47-4EC9-3232-B099-20D54C597639}.Debug|x86.Build.0 = Debug|Win32
		{0ECEDD47-4EC9-3232-B099-20D54C597639}.Release|Itanium.ActiveCfg = Release|x64
		{0ECEDD47-4EC9-3232-B099-20D54C597639}.Release|Itanium.Build.0 = Release|x64
		{0ECEDD47-4EC9-3232-B099-20D54C597639}.Release|x64.ActiveCfg = Release|x64
		{0ECEDD47-4EC9-3232-B099-20D54C597639}.Release|x64.Build.0 = Release|x64
		{0ECEDD47-4EC9-3232-B099-20D54C597639}.Release|x86.ActiveCfg = Release|Win32
		{0ECEDD47-4EC9-3232-B099-20D54C597639}.Release|x86.Build.0 = Release|Win32
		{0ECEDD47-4EC9-3232-B099-20D54C597639}.ReleaseWithoutAsm|Itanium.ActiveCfg = Release|x64
		{0ECEDD47-4EC9-3232-B099-20D54C597639}.ReleaseWithoutAsm|Itanium.Build.0 = Release|x64
		{0ECEDD47-4EC9-3232-B099-20D54C597639}.ReleaseWithoutAsm|x64.ActiveCfg = Release|x64
		{0ECEDD47-4EC9-3232-B099-20D54C597639}.ReleaseWithoutAsm|x64.Build.0 = Release|x64
		{0ECEDD47-4EC9-3232-B099-20D54C597639}.ReleaseWithoutAsm|x86.ActiveCfg = Release|Win32
		{0ECEDD47-4EC9-3232-B099-20D54C597639}.ReleaseWithoutAsm|x86.Build.0 = Release|Win32
		{2126E8F0-EA74-3D9F-9E88-0075EC0DA387}.Debug|Itanium.ActiveCfg = Debug|x64
		{2126E8F0-EA74-3D9F-9E88-0075EC0DA387}.Debug|Itanium.Build.0 = Debug|x64
		{2126E8F0-EA74-3D9F-9E88-0075EC0DA387}.Debug|x64.ActiveCfg = Debug|x64
		{2126E8F0-EA74-3D9F-9E88-0075EC0DA387}.Debug|x64.Build.0 = Debug|x64
		{2126E8F0-EA74-3D9F-9E88-0075EC0DA387}.Debug|x86.ActiveCfg = Debug|Win32
		{2126E8F0-EA74-3D9F-9E88-0075EC0DA387}.Debug|x86.Build.0 = Debug|Win32
		{2126E8F0-EA74-3D9F-9E88-0075EC0DA387}.Release|Itanium.ActiveCfg = Release|x64
		{2126E8F0-EA74-3D9F-9E88-0075EC0DA387}.Release|Itanium.Build.0 = Release|x64
		{2126E8F0-EA74-3D9F-9E88-0075EC0DA387}.Release|x64.ActiveCfg = Release|x64
		{2126E8F0-EA74-3D9F-9E88-0075EC0DA387}.Release|x64.Build.0 = Release|x64
		{2126E8F0-EA74-3D9F-9E88-0075EC0DA387}.Release|x86.ActiveCfg = Release|Win32
		{2126E8F0-EA74-3D9F-9E88-0075EC0DA387}.Release|x86.Build.0 = Release|Win32
		{2126E8F0-EA74-3D9F-9E88-0075EC0DA387}.ReleaseWithoutAsm|Itanium.ActiveCfg = Release|x64
		{2126E8F0-EA74-3D9F-9E88-0075EC0DA387}.ReleaseWithoutAsm|Itanium.Build.0 = Release|x64
		{2126E8F0-EA74-3D9F-9E88-0075EC0DA387}.ReleaseWithoutAsm|x64.ActiveCfg = Release|x64
		{2126E8F0-EA74-3D9F-9E88-0075EC0DA387}.ReleaseWithoutAsm|x64.Build.0 = Release|x64
		{2126E8F0-EA74-3D9F-9E88-0075EC0DA387}.ReleaseWithoutAsm|x86.ActiveCfg = Release|Win32
		{2126E8F0-EA74-3D9F-9E88-0075EC0DA387}.ReleaseWithoutAsm|x86.Build.0 = Release|Win32
		{DA7634E8-2776-31F3-957C-D51B70BB6C67}.Debug|Itanium.ActiveCfg = Debug|x64
		{DA7634E8-2776-31F3-957C-D51B70BB6C67}.Debug|Itanium.Build.0 = Debug|x64
		{DA7634E8-2776-31F3-957C-D51B70BB6C67}.Debug|x64.ActiveCfg = Debug|x64
		{DA7634E8-2776-31F3-957C-D51B70BB6C67}.Debug|x64.Build.0 = Debug|x64
		{DA7634E8-2776-31F3-957C-D51B70BB6C67}.Debug|x86.ActiveCfg = Debug|Win32
		{DA7634E8-2776-31F3-957C-D51B70BB6C67}.Debug|x86.Build.0 = Debug|Win32
		{DA7634E8-2776-31F3-957C-D51B70BB6C67}.Release|Itanium.ActiveCfg = Release|x64
		{DA7634E8-2776-31F3-957C-D51B70BB6C67}.Release|Itanium.Build.0 = Release|x64
		{DA7634E8-2776-31F3-957C-D51B70BB6C67}.Release|x64.ActiveCfg = Release|x64
		{DA7634E8-2776-31F3-957C-D51B70BB6C67}.Release|x64.Build.0 = Release|x64
		{DA7634E8-2776-31F3-957C-D51B70BB6C67}.Release|x86.ActiveCfg = Release|Win32
		{DA7634E8-2776-31F3-957C-D51B70BB6C67}.Release|x86.Build.0 = Release|Win32
		{DA7634E8-2776-31F3-957C-D51B70BB6C67}.ReleaseWithoutAsm|Itanium.ActiveCfg = Release|x64
		{DA7634E8-2776-31F3-957C-D51B70BB6C67}.ReleaseWithoutAsm|Itanium.Build.0 = Release|x64
		{DA7634E8-2776-31F3-957C-D51B70BB6C67}.ReleaseWithoutAsm|x64.ActiveCfg = Release|x64
		{DA7634E8-2776-31F3-957C-D51B70BB6C67}.ReleaseWithoutAsm|x64.Build.0 = Release|x64
		{DA7634E8-2776-31F3-957C-D51B70BB6C67}.ReleaseWithoutAsm|x86.ActiveCfg = Release|Win32
		{DA7634E8-2776-31F3-957C-D51B70BB6C67}.ReleaseWithoutAsm|x86.Build.0 = Release|Win32
		{431C4982-BB3F-30E5-B190-562ADD23E4BD}.Debug|Itanium.ActiveCfg = Debug|x64
		{431C4982-BB3F-30E5-B190-562ADD23E4BD}.Debug|Itanium.Build.0 = Debug|x64
		{431C4982-BB3F-30E5-B190-562ADD23E4BD}.Debug|x64.ActiveCfg = Debug|x64
		{431C4982-BB3F-30E5-B190-562ADD23E4BD}.Debug|x64.Build.0 = Debug|x64
		{431C4982-BB3F-30E5-B190-562ADD23E4BD}.Debug|x86.ActiveCfg = Debug|Win32
		{431C4982-BB3F-30E5-B190-562ADD23E4BD}.Debug|x86.Build.0 = Debug|Win32
		{431C4982-BB3F-30E5-B190-562ADD23E4BD}.Release|Itanium.ActiveCfg = Release|x64
		{431C4982-BB3F-30E5-B190-562ADD23E4BD}.Release|Itanium.Build.0 = Release|x64
		{431C4982-BB3F-30E5-B190-562ADD23E4BD}.Release|x64.ActiveCfg = Release|x64
		{431C4982-BB3F-30E5-B190-562ADD23E4BD}.Release|x64.Build.0 = Release|x64
		{431C4982-BB3F-30E5-B190-562ADD23E4BD}.Release|x86.ActiveCfg = Release|Win32
		{431C4982-BB3F-30E5-B190-562ADD23E4BD}.Release|x86.Build.0 = Release|Win32
		{431C4982-BB3F-30E5-B190-562ADD23E4BD}.ReleaseWithoutAsm|Itanium.ActiveCfg = Release|x64
		{431C4982-BB3F-30E5-B190-562ADD23E4BD}.ReleaseWithoutAsm|Itanium.Build.0 = Release|x64
		{431C4982-BB3F-30E5-B190-562ADD23E4BD}.ReleaseWithoutAsm|x64.ActiveCfg = Release|x64
		{431C4982-BB3F-30E5-B190-562ADD23E4BD}.ReleaseWithoutAsm|x64.Build.0 = Release|x64
		{431C4982-BB3F-30E5-B190-562ADD23E4BD}.ReleaseWithoutAsm|x86.ActiveCfg = Release|Win32
		{431C4982-BB3F-30E5-B190-562ADD23E4BD}.ReleaseWithoutAsm|x86.Build.0 = Release|Win32
	EndGlobalSection
	GlobalSection(SolutionProperties) = preSolution
		HideSolutionNode = FALSE
	EndGlobalSection
	GlobalSection(ExtensibilityGlobals) = postSolution
		SolutionGuid = {AF5A2661-AF3D-403C-A8E2-9F951FD0EAEA}
	EndGlobalSection
EndGlobal
