
Microsoft Visual Studio Solution File, Format Version 12.00
# Visual Studio Version 17
VisualStudioVersion = 17.4.33103.184
MinimumVisualStudioVersion = 10.0.40219.1
Project("{2150E333-8FDC-42A3-9474-1A3956D46DE8}") = "shared", "shared", "{9AB0AC5A-E4C1-4C40-A6B2-2723FB35F0C1}"
EndProject
Project("{8BC9CEB8-8B4A-11D0-8D11-00A0C91BC942}") = "win", "shared\win.vcxproj", "{F7F7F777-140F-41B2-8CB9-9C0A09F6B56B}"
EndProject
Project("{8BC9CEB8-8B4A-11D0-8D11-00A0C91BC942}") = "zip++", "shared\zip++.vcxproj", "{E38F31A6-2370-4517-BCB4-9D302930E734}"
EndProject
Project("{8BC9CEB8-8B4A-11D0-8D11-00A0C91BC942}") = "vrfcore", "..\..\projects\bridge\vrfcore\vrfcore.vcxproj", "{014471BE-ECF4-4758-9B3F-50EF50B75B58}"
	ProjectSection(ProjectDependencies) = postProject
		{E38F31A6-2370-4517-BCB4-9D302930E734} = {E38F31A6-2370-4517-BCB4-9D302930E734}
		{F7F7F777-140F-41B2-8CB9-9C0A09F6B56B} = {F7F7F777-140F-41B2-8CB9-9C0A09F6B56B}
	EndProjectSection
EndProject
Project("{8BC9CEB8-8B4A-11D0-8D11-00A0C91BC942}") = "launch", "..\..\projects\bridge\launch\launch.vcxproj", "{70CD1169-BD51-457B-B017-95A697E84D9D}"
	ProjectSection(ProjectDependencies) = postProject
		{014471BE-ECF4-4758-9B3F-50EF50B75B58} = {014471BE-ECF4-4758-9B3F-50EF50B75B58}
		{4DA741F0-BDD1-437C-B5D4-A8D9BE916369} = {4DA741F0-BDD1-437C-B5D4-A8D9BE916369}
	EndProjectSection
EndProject
Project("{8BC9CEB8-8B4A-11D0-8D11-00A0C91BC942}") = "uiframework", "..\..\projects\uiframework\uiframework.vcxproj", "{4DA741F0-BDD1-437C-B5D4-A8D9BE916369}"
	ProjectSection(ProjectDependencies) = postProject
		{14CB4F04-0C16-45AD-BCB2-9FF49AA880D0} = {14CB4F04-0C16-45AD-BCB2-9FF49AA880D0}
		{E38F31A6-2370-4517-BCB4-9D302930E734} = {E38F31A6-2370-4517-BCB4-9D302930E734}
		{F7F7F777-140F-41B2-8CB9-9C0A09F6B56B} = {F7F7F777-140F-41B2-8CB9-9C0A09F6B56B}
	EndProjectSection
EndProject
Project("{8BC9CEB8-8B4A-11D0-8D11-00A0C91BC942}") = "testbridge", "..\..\tests\testbridge\testbridge.vcxproj", "{720F002C-D354-468A-8832-67673DCD370E}"
	ProjectSection(ProjectDependencies) = postProject
		{70CD1169-BD51-457B-B017-95A697E84D9D} = {70CD1169-BD51-457B-B017-95A697E84D9D}
	EndProjectSection
EndProject
Project("{8BC9CEB8-8B4A-11D0-8D11-00A0C91BC942}") = "wxskin", "shared\wxskin.vcxproj", "{14CB4F04-0C16-45AD-BCB2-9FF49AA880D0}"
EndProject
Project("{8BC9CEB8-8B4A-11D0-8D11-00A0C91BC942}") = "cdrplugin", "..\..\projects\cdrplugin\cdrplugin.vcxproj", "{29C05D0D-CA50-4357-8592-D5DA2DEAD14E}"
EndProject
Project("{8BC9CEB8-8B4A-11D0-8D11-00A0C91BC942}") = "spdlog", "shared\spdlog.vcxproj", "{14DE33CC-4204-4565-9069-CC92445ACA34}"
EndProject
Project("{8BC9CEB8-8B4A-11D0-8D11-00A0C91BC942}") = "physical", "..\..\projects\physical\physical.vcxproj", "{8674345E-E888-4788-9571-0037A8756FF9}"
EndProject
Project("{8BC9CEB8-8B4A-11D0-8D11-00A0C91BC942}") = "testphysical", "..\..\tests\testphysical\testphysical.vcxproj", "{D5910BA1-016D-48FA-B7BB-2826686F65AE}"
	ProjectSection(ProjectDependencies) = postProject
		{8674345E-E888-4788-9571-0037A8756FF9} = {8674345E-E888-4788-9571-0037A8756FF9}
	EndProjectSection
EndProject
Global
	GlobalSection(SolutionConfigurationPlatforms) = preSolution
		Debug|x64 = Debug|x64
		Debug|x86 = Debug|x86
		Release|x64 = Release|x64
		Release|x86 = Release|x86
	EndGlobalSection
	GlobalSection(ProjectConfigurationPlatforms) = postSolution
		{F7F7F777-140F-41B2-8CB9-9C0A09F6B56B}.Debug|x64.ActiveCfg = Debug|x64
		{F7F7F777-140F-41B2-8CB9-9C0A09F6B56B}.Debug|x64.Build.0 = Debug|x64
		{F7F7F777-140F-41B2-8CB9-9C0A09F6B56B}.Debug|x86.ActiveCfg = Debug|Win32
		{F7F7F777-140F-41B2-8CB9-9C0A09F6B56B}.Debug|x86.Build.0 = Debug|Win32
		{F7F7F777-140F-41B2-8CB9-9C0A09F6B56B}.Release|x64.ActiveCfg = Release|x64
		{F7F7F777-140F-41B2-8CB9-9C0A09F6B56B}.Release|x64.Build.0 = Release|x64
		{F7F7F777-140F-41B2-8CB9-9C0A09F6B56B}.Release|x86.ActiveCfg = Release|Win32
		{F7F7F777-140F-41B2-8CB9-9C0A09F6B56B}.Release|x86.Build.0 = Release|Win32
		{E38F31A6-2370-4517-BCB4-9D302930E734}.Debug|x64.ActiveCfg = Debug|x64
		{E38F31A6-2370-4517-BCB4-9D302930E734}.Debug|x64.Build.0 = Debug|x64
		{E38F31A6-2370-4517-BCB4-9D302930E734}.Debug|x86.ActiveCfg = Debug|Win32
		{E38F31A6-2370-4517-BCB4-9D302930E734}.Debug|x86.Build.0 = Debug|Win32
		{E38F31A6-2370-4517-BCB4-9D302930E734}.Release|x64.ActiveCfg = Release|x64
		{E38F31A6-2370-4517-BCB4-9D302930E734}.Release|x64.Build.0 = Release|x64
		{E38F31A6-2370-4517-BCB4-9D302930E734}.Release|x86.ActiveCfg = Release|Win32
		{E38F31A6-2370-4517-BCB4-9D302930E734}.Release|x86.Build.0 = Release|Win32
		{014471BE-ECF4-4758-9B3F-50EF50B75B58}.Debug|x64.ActiveCfg = Debug|x64
		{014471BE-ECF4-4758-9B3F-50EF50B75B58}.Debug|x64.Build.0 = Debug|x64
		{014471BE-ECF4-4758-9B3F-50EF50B75B58}.Debug|x86.ActiveCfg = Debug|Win32
		{014471BE-ECF4-4758-9B3F-50EF50B75B58}.Debug|x86.Build.0 = Debug|Win32
		{014471BE-ECF4-4758-9B3F-50EF50B75B58}.Release|x64.ActiveCfg = Release|x64
		{014471BE-ECF4-4758-9B3F-50EF50B75B58}.Release|x64.Build.0 = Release|x64
		{014471BE-ECF4-4758-9B3F-50EF50B75B58}.Release|x86.ActiveCfg = Release|Win32
		{014471BE-ECF4-4758-9B3F-50EF50B75B58}.Release|x86.Build.0 = Release|Win32
		{70CD1169-BD51-457B-B017-95A697E84D9D}.Debug|x64.ActiveCfg = Debug|x64
		{70CD1169-BD51-457B-B017-95A697E84D9D}.Debug|x64.Build.0 = Debug|x64
		{70CD1169-BD51-457B-B017-95A697E84D9D}.Debug|x86.ActiveCfg = Debug|Win32
		{70CD1169-BD51-457B-B017-95A697E84D9D}.Debug|x86.Build.0 = Debug|Win32
		{70CD1169-BD51-457B-B017-95A697E84D9D}.Release|x64.ActiveCfg = Release|x64
		{70CD1169-BD51-457B-B017-95A697E84D9D}.Release|x64.Build.0 = Release|x64
		{70CD1169-BD51-457B-B017-95A697E84D9D}.Release|x86.ActiveCfg = Release|Win32
		{70CD1169-BD51-457B-B017-95A697E84D9D}.Release|x86.Build.0 = Release|Win32
		{4DA741F0-BDD1-437C-B5D4-A8D9BE916369}.Debug|x64.ActiveCfg = Debug|x64
		{4DA741F0-BDD1-437C-B5D4-A8D9BE916369}.Debug|x64.Build.0 = Debug|x64
		{4DA741F0-BDD1-437C-B5D4-A8D9BE916369}.Debug|x86.ActiveCfg = Debug|Win32
		{4DA741F0-BDD1-437C-B5D4-A8D9BE916369}.Debug|x86.Build.0 = Debug|Win32
		{4DA741F0-BDD1-437C-B5D4-A8D9BE916369}.Release|x64.ActiveCfg = Release|x64
		{4DA741F0-BDD1-437C-B5D4-A8D9BE916369}.Release|x64.Build.0 = Release|x64
		{4DA741F0-BDD1-437C-B5D4-A8D9BE916369}.Release|x86.ActiveCfg = Release|Win32
		{4DA741F0-BDD1-437C-B5D4-A8D9BE916369}.Release|x86.Build.0 = Release|Win32
		{720F002C-D354-468A-8832-67673DCD370E}.Debug|x64.ActiveCfg = Debug|x64
		{720F002C-D354-468A-8832-67673DCD370E}.Debug|x64.Build.0 = Debug|x64
		{720F002C-D354-468A-8832-67673DCD370E}.Debug|x86.ActiveCfg = Debug|Win32
		{720F002C-D354-468A-8832-67673DCD370E}.Debug|x86.Build.0 = Debug|Win32
		{720F002C-D354-468A-8832-67673DCD370E}.Release|x64.ActiveCfg = Release|x64
		{720F002C-D354-468A-8832-67673DCD370E}.Release|x64.Build.0 = Release|x64
		{720F002C-D354-468A-8832-67673DCD370E}.Release|x86.ActiveCfg = Release|Win32
		{720F002C-D354-468A-8832-67673DCD370E}.Release|x86.Build.0 = Release|Win32
		{14CB4F04-0C16-45AD-BCB2-9FF49AA880D0}.Debug|x64.ActiveCfg = Debug|x64
		{14CB4F04-0C16-45AD-BCB2-9FF49AA880D0}.Debug|x64.Build.0 = Debug|x64
		{14CB4F04-0C16-45AD-BCB2-9FF49AA880D0}.Debug|x86.ActiveCfg = Debug|Win32
		{14CB4F04-0C16-45AD-BCB2-9FF49AA880D0}.Debug|x86.Build.0 = Debug|Win32
		{14CB4F04-0C16-45AD-BCB2-9FF49AA880D0}.Release|x64.ActiveCfg = Release|x64
		{14CB4F04-0C16-45AD-BCB2-9FF49AA880D0}.Release|x64.Build.0 = Release|x64
		{14CB4F04-0C16-45AD-BCB2-9FF49AA880D0}.Release|x86.ActiveCfg = Release|Win32
		{14CB4F04-0C16-45AD-BCB2-9FF49AA880D0}.Release|x86.Build.0 = Release|Win32
		{29C05D0D-CA50-4357-8592-D5DA2DEAD14E}.Debug|x64.ActiveCfg = Debug|x64
		{29C05D0D-CA50-4357-8592-D5DA2DEAD14E}.Debug|x64.Build.0 = Debug|x64
		{29C05D0D-CA50-4357-8592-D5DA2DEAD14E}.Debug|x86.ActiveCfg = Debug|Win32
		{29C05D0D-CA50-4357-8592-D5DA2DEAD14E}.Debug|x86.Build.0 = Debug|Win32
		{29C05D0D-CA50-4357-8592-D5DA2DEAD14E}.Release|x64.ActiveCfg = Release|x64
		{29C05D0D-CA50-4357-8592-D5DA2DEAD14E}.Release|x64.Build.0 = Release|x64
		{29C05D0D-CA50-4357-8592-D5DA2DEAD14E}.Release|x86.ActiveCfg = Release|Win32
		{29C05D0D-CA50-4357-8592-D5DA2DEAD14E}.Release|x86.Build.0 = Release|Win32
		{14DE33CC-4204-4565-9069-CC92445ACA34}.Debug|x64.ActiveCfg = Debug|x64
		{14DE33CC-4204-4565-9069-CC92445ACA34}.Debug|x64.Build.0 = Debug|x64
		{14DE33CC-4204-4565-9069-CC92445ACA34}.Debug|x86.ActiveCfg = Debug|Win32
		{14DE33CC-4204-4565-9069-CC92445ACA34}.Debug|x86.Build.0 = Debug|Win32
		{14DE33CC-4204-4565-9069-CC92445ACA34}.Release|x64.ActiveCfg = Release|x64
		{14DE33CC-4204-4565-9069-CC92445ACA34}.Release|x64.Build.0 = Release|x64
		{14DE33CC-4204-4565-9069-CC92445ACA34}.Release|x86.ActiveCfg = Release|Win32
		{14DE33CC-4204-4565-9069-CC92445ACA34}.Release|x86.Build.0 = Release|Win32
		{8674345E-E888-4788-9571-0037A8756FF9}.Debug|x64.ActiveCfg = Debug|x64
		{8674345E-E888-4788-9571-0037A8756FF9}.Debug|x64.Build.0 = Debug|x64
		{8674345E-E888-4788-9571-0037A8756FF9}.Debug|x86.ActiveCfg = Debug|Win32
		{8674345E-E888-4788-9571-0037A8756FF9}.Debug|x86.Build.0 = Debug|Win32
		{8674345E-E888-4788-9571-0037A8756FF9}.Release|x64.ActiveCfg = Release|x64
		{8674345E-E888-4788-9571-0037A8756FF9}.Release|x64.Build.0 = Release|x64
		{8674345E-E888-4788-9571-0037A8756FF9}.Release|x86.ActiveCfg = Release|Win32
		{8674345E-E888-4788-9571-0037A8756FF9}.Release|x86.Build.0 = Release|Win32
		{D5910BA1-016D-48FA-B7BB-2826686F65AE}.Debug|x64.ActiveCfg = Debug|x64
		{D5910BA1-016D-48FA-B7BB-2826686F65AE}.Debug|x64.Build.0 = Debug|x64
		{D5910BA1-016D-48FA-B7BB-2826686F65AE}.Debug|x86.ActiveCfg = Debug|Win32
		{D5910BA1-016D-48FA-B7BB-2826686F65AE}.Debug|x86.Build.0 = Debug|Win32
		{D5910BA1-016D-48FA-B7BB-2826686F65AE}.Release|x64.ActiveCfg = Release|x64
		{D5910BA1-016D-48FA-B7BB-2826686F65AE}.Release|x64.Build.0 = Release|x64
		{D5910BA1-016D-48FA-B7BB-2826686F65AE}.Release|x86.ActiveCfg = Release|Win32
		{D5910BA1-016D-48FA-B7BB-2826686F65AE}.Release|x86.Build.0 = Release|Win32
	EndGlobalSection
	GlobalSection(SolutionProperties) = preSolution
		HideSolutionNode = FALSE
	EndGlobalSection
	GlobalSection(NestedProjects) = preSolution
		{F7F7F777-140F-41B2-8CB9-9C0A09F6B56B} = {9AB0AC5A-E4C1-4C40-A6B2-2723FB35F0C1}
		{E38F31A6-2370-4517-BCB4-9D302930E734} = {9AB0AC5A-E4C1-4C40-A6B2-2723FB35F0C1}
		{14CB4F04-0C16-45AD-BCB2-9FF49AA880D0} = {9AB0AC5A-E4C1-4C40-A6B2-2723FB35F0C1}
		{14DE33CC-4204-4565-9069-CC92445ACA34} = {9AB0AC5A-E4C1-4C40-A6B2-2723FB35F0C1}
	EndGlobalSection
	GlobalSection(ExtensibilityGlobals) = postSolution
		SolutionGuid = {2A170486-28AC-41A6-9AA9-26FF30DAA25A}
	EndGlobalSection
EndGlobal
