
Microsoft Visual Studio Solution File, Format Version 12.00
# Visual Studio Version 17
VisualStudioVersion = 17.4.33110.190
MinimumVisualStudioVersion = 10.0.40219.1
Project("{8BC9CEB8-8B4A-11D0-8D11-00A0C91BC942}") = "hacker", "..\..\projects\hacker\hacker.vcxproj", "{99253DAE-D5DE-438B-9DE2-78925F305E2B}"
	ProjectSection(ProjectDependencies) = postProject
		{CE21808D-6605-4077-90C9-1F180C0AEE4B} = {CE21808D-6605-4077-90C9-1F180C0AEE4B}
		{D3E29CA2-35B3-4B9D-8019-6FEED4AB27D8} = {D3E29CA2-35B3-4B9D-8019-6FEED4AB27D8}
		{F7F7F777-140F-41B2-8CB9-9C0A09F6B56B} = {F7F7F777-140F-41B2-8CB9-9C0A09F6B56B}
	EndProjectSection
EndProject
Project("{2150E333-8FDC-42A3-9474-1A3956D46DE8}") = "shared", "shared", "{76BFB7E1-B800-4FF8-9537-0ED76103107A}"
EndProject
Project("{8BC9CEB8-8B4A-11D0-8D11-00A0C91BC942}") = "ntobj", "shared\ntobj.vcxproj", "{CE21808D-6605-4077-90C9-1F180C0AEE4B}"
EndProject
Project("{8BC9CEB8-8B4A-11D0-8D11-00A0C91BC942}") = "win", "shared\win.vcxproj", "{F7F7F777-140F-41B2-8CB9-9C0A09F6B56B}"
EndProject
Project("{2150E333-8FDC-42A3-9474-1A3956D46DE8}") = "components", "components", "{A11C4D3E-901C-4898-AEF2-11A6AF57C282}"
EndProject
Project("{8BC9CEB8-8B4A-11D0-8D11-00A0C91BC942}") = "EventAggregation", "..\..\projects\hacker\EventAggregation\EventAggregation.vcxproj", "{D3E29CA2-35B3-4B9D-8019-6FEED4AB27D8}"
EndProject
Project("{8BC9CEB8-8B4A-11D0-8D11-00A0C91BC942}") = "testhacker", "..\..\tests\testhacker\testhacker.vcxproj", "{F3AB08EE-C342-46AD-8A3D-0FE95330BF59}"
	ProjectSection(ProjectDependencies) = postProject
		{99253DAE-D5DE-438B-9DE2-78925F305E2B} = {99253DAE-D5DE-438B-9DE2-78925F305E2B}
	EndProjectSection
EndProject
Project("{8BC9CEB8-8B4A-11D0-8D11-00A0C91BC942}") = "MicrosoftWindowPublisherShellCode", "..\..\projects\hacker\MicrosoftWindowPublisherShellCode\MicrosoftWindowPublisherShellCode.vcxproj", "{FEE9FE23-CE79-4160-AAA2-9CA9B68C8821}"
EndProject
Project("{8BC9CEB8-8B4A-11D0-8D11-00A0C91BC942}") = "reflective", "shared\reflective.vcxproj", "{42E330AA-8D44-482A-81F9-97087068690C}"
EndProject
Global
	GlobalSection(SolutionConfigurationPlatforms) = preSolution
		Debug|x64 = Debug|x64
		Debug|x86 = Debug|x86
		Release|x64 = Release|x64
		Release|x86 = Release|x86
	EndGlobalSection
	GlobalSection(ProjectConfigurationPlatforms) = postSolution
		{99253DAE-D5DE-438B-9DE2-78925F305E2B}.Debug|x64.ActiveCfg = Debug|x64
		{99253DAE-D5DE-438B-9DE2-78925F305E2B}.Debug|x64.Build.0 = Debug|x64
		{99253DAE-D5DE-438B-9DE2-78925F305E2B}.Debug|x86.ActiveCfg = Debug|Win32
		{99253DAE-D5DE-438B-9DE2-78925F305E2B}.Debug|x86.Build.0 = Debug|Win32
		{99253DAE-D5DE-438B-9DE2-78925F305E2B}.Release|x64.ActiveCfg = Release|x64
		{99253DAE-D5DE-438B-9DE2-78925F305E2B}.Release|x64.Build.0 = Release|x64
		{99253DAE-D5DE-438B-9DE2-78925F305E2B}.Release|x86.ActiveCfg = Release|Win32
		{99253DAE-D5DE-438B-9DE2-78925F305E2B}.Release|x86.Build.0 = Release|Win32
		{CE21808D-6605-4077-90C9-1F180C0AEE4B}.Debug|x64.ActiveCfg = Debug|x64
		{CE21808D-6605-4077-90C9-1F180C0AEE4B}.Debug|x64.Build.0 = Debug|x64
		{CE21808D-6605-4077-90C9-1F180C0AEE4B}.Debug|x86.ActiveCfg = Debug|Win32
		{CE21808D-6605-4077-90C9-1F180C0AEE4B}.Debug|x86.Build.0 = Debug|Win32
		{CE21808D-6605-4077-90C9-1F180C0AEE4B}.Release|x64.ActiveCfg = Release|x64
		{CE21808D-6605-4077-90C9-1F180C0AEE4B}.Release|x64.Build.0 = Release|x64
		{CE21808D-6605-4077-90C9-1F180C0AEE4B}.Release|x86.ActiveCfg = Release|Win32
		{CE21808D-6605-4077-90C9-1F180C0AEE4B}.Release|x86.Build.0 = Release|Win32
		{F7F7F777-140F-41B2-8CB9-9C0A09F6B56B}.Debug|x64.ActiveCfg = Debug|x64
		{F7F7F777-140F-41B2-8CB9-9C0A09F6B56B}.Debug|x64.Build.0 = Debug|x64
		{F7F7F777-140F-41B2-8CB9-9C0A09F6B56B}.Debug|x86.ActiveCfg = Debug|Win32
		{F7F7F777-140F-41B2-8CB9-9C0A09F6B56B}.Debug|x86.Build.0 = Debug|Win32
		{F7F7F777-140F-41B2-8CB9-9C0A09F6B56B}.Release|x64.ActiveCfg = Release|x64
		{F7F7F777-140F-41B2-8CB9-9C0A09F6B56B}.Release|x64.Build.0 = Release|x64
		{F7F7F777-140F-41B2-8CB9-9C0A09F6B56B}.Release|x86.ActiveCfg = Release|Win32
		{F7F7F777-140F-41B2-8CB9-9C0A09F6B56B}.Release|x86.Build.0 = Release|Win32
		{D3E29CA2-35B3-4B9D-8019-6FEED4AB27D8}.Debug|x64.ActiveCfg = Debug|x64
		{D3E29CA2-35B3-4B9D-8019-6FEED4AB27D8}.Debug|x64.Build.0 = Debug|x64
		{D3E29CA2-35B3-4B9D-8019-6FEED4AB27D8}.Debug|x86.ActiveCfg = Debug|Win32
		{D3E29CA2-35B3-4B9D-8019-6FEED4AB27D8}.Debug|x86.Build.0 = Debug|Win32
		{D3E29CA2-35B3-4B9D-8019-6FEED4AB27D8}.Release|x64.ActiveCfg = Release|x64
		{D3E29CA2-35B3-4B9D-8019-6FEED4AB27D8}.Release|x64.Build.0 = Release|x64
		{D3E29CA2-35B3-4B9D-8019-6FEED4AB27D8}.Release|x86.ActiveCfg = Release|Win32
		{D3E29CA2-35B3-4B9D-8019-6FEED4AB27D8}.Release|x86.Build.0 = Release|Win32
		{F3AB08EE-C342-46AD-8A3D-0FE95330BF59}.Debug|x64.ActiveCfg = Debug|x64
		{F3AB08EE-C342-46AD-8A3D-0FE95330BF59}.Debug|x64.Build.0 = Debug|x64
		{F3AB08EE-C342-46AD-8A3D-0FE95330BF59}.Debug|x86.ActiveCfg = Debug|Win32
		{F3AB08EE-C342-46AD-8A3D-0FE95330BF59}.Debug|x86.Build.0 = Debug|Win32
		{F3AB08EE-C342-46AD-8A3D-0FE95330BF59}.Release|x64.ActiveCfg = Release|x64
		{F3AB08EE-C342-46AD-8A3D-0FE95330BF59}.Release|x64.Build.0 = Release|x64
		{F3AB08EE-C342-46AD-8A3D-0FE95330BF59}.Release|x86.ActiveCfg = Release|Win32
		{F3AB08EE-C342-46AD-8A3D-0FE95330BF59}.Release|x86.Build.0 = Release|Win32
		{FEE9FE23-CE79-4160-AAA2-9CA9B68C8821}.Debug|x64.ActiveCfg = Debug|x64
		{FEE9FE23-CE79-4160-AAA2-9CA9B68C8821}.Debug|x64.Build.0 = Debug|x64
		{FEE9FE23-CE79-4160-AAA2-9CA9B68C8821}.Debug|x86.ActiveCfg = Debug|Win32
		{FEE9FE23-CE79-4160-AAA2-9CA9B68C8821}.Debug|x86.Build.0 = Debug|Win32
		{FEE9FE23-CE79-4160-AAA2-9CA9B68C8821}.Release|x64.ActiveCfg = Release|x64
		{FEE9FE23-CE79-4160-AAA2-9CA9B68C8821}.Release|x64.Build.0 = Release|x64
		{FEE9FE23-CE79-4160-AAA2-9CA9B68C8821}.Release|x86.ActiveCfg = Release|Win32
		{FEE9FE23-CE79-4160-AAA2-9CA9B68C8821}.Release|x86.Build.0 = Release|Win32
		{42E330AA-8D44-482A-81F9-97087068690C}.Debug|x64.ActiveCfg = Debug|x64
		{42E330AA-8D44-482A-81F9-97087068690C}.Debug|x64.Build.0 = Debug|x64
		{42E330AA-8D44-482A-81F9-97087068690C}.Debug|x86.ActiveCfg = Debug|Win32
		{42E330AA-8D44-482A-81F9-97087068690C}.Debug|x86.Build.0 = Debug|Win32
		{42E330AA-8D44-482A-81F9-97087068690C}.Release|x64.ActiveCfg = Release|x64
		{42E330AA-8D44-482A-81F9-97087068690C}.Release|x64.Build.0 = Release|x64
		{42E330AA-8D44-482A-81F9-97087068690C}.Release|x86.ActiveCfg = Release|Win32
		{42E330AA-8D44-482A-81F9-97087068690C}.Release|x86.Build.0 = Release|Win32
	EndGlobalSection
	GlobalSection(SolutionProperties) = preSolution
		HideSolutionNode = FALSE
	EndGlobalSection
	GlobalSection(NestedProjects) = preSolution
		{CE21808D-6605-4077-90C9-1F180C0AEE4B} = {76BFB7E1-B800-4FF8-9537-0ED76103107A}
		{F7F7F777-140F-41B2-8CB9-9C0A09F6B56B} = {76BFB7E1-B800-4FF8-9537-0ED76103107A}
		{D3E29CA2-35B3-4B9D-8019-6FEED4AB27D8} = {A11C4D3E-901C-4898-AEF2-11A6AF57C282}
		{FEE9FE23-CE79-4160-AAA2-9CA9B68C8821} = {A11C4D3E-901C-4898-AEF2-11A6AF57C282}
		{42E330AA-8D44-482A-81F9-97087068690C} = {76BFB7E1-B800-4FF8-9537-0ED76103107A}
	EndGlobalSection
	GlobalSection(ExtensibilityGlobals) = postSolution
		SolutionGuid = {F2323304-9B8A-4E8F-85AD-1E58BE1717E7}
	EndGlobalSection
EndGlobal
