
Microsoft Visual Studio Solution File, Format Version 12.00
# Visual Studio Version 17
VisualStudioVersion = 17.3.32922.545
MinimumVisualStudioVersion = 10.0.40219.1
Project("{8BC9CEB8-8B4A-11D0-8D11-00A0C91BC942}") = "curlpp-0.8.1", "..\..\3rdparty\curlpp-0.8.1\build\curlpp-0.8.1.vcxproj", "{2FB632C0-3C64-3BAE-9E3E-939DC9B078C4}"
EndProject
Project("{8BC9CEB8-8B4A-11D0-8D11-00A0C91BC942}") = "libiconv_static", "..\..\3rdparty\libiconv\MSVC17\libiconv_static\libiconv_static.vcxproj", "{F9C13A95-C7EB-40F3-A599-3695C1E0CF38}"
EndProject
Project("{8BC9CEB8-8B4A-11D0-8D11-00A0C91BC942}") = "libdui", "..\..\3rdparty\duilib\duilib.vcxproj", "{604863C3-EE26-416E-8DCE-6869133D5C07}"
EndProject
Project("{8BC9CEB8-8B4A-11D0-8D11-00A0C91BC942}") = "libcurl_zlib_ssl3-7.85.0", "..\..\3rdparty\curl-7.85.0\projects\Windows\VC17.3.5\lib\libcurl_zlib_ssl3-7.85.0.vcxproj", "{E369257D-A0D3-4D84-8163-EE12C02A942A}"
EndProject
Project("{8BC9CEB8-8B4A-11D0-8D11-00A0C91BC942}") = "bit7z", "..\..\3rdparty\bit7z\bit7z.vcxproj", "{0ECEDD47-4EC9-3232-B099-20D54C597639}"
EndProject
Project("{8BC9CEB8-8B4A-11D0-8D11-00A0C91BC942}") = "zlib-1.2.11", "..\..\3rdparty\zlib-1.2.11\build\zlib-1.2.11.vcxproj", "{2126E8F0-EA74-3D9F-9E88-0075EC0DA387}"
EndProject
Project("{8BC9CEB8-8B4A-11D0-8D11-00A0C91BC942}") = "libzip-1.7.3", "..\..\3rdparty\libzip-1.7.3\build\lib\libzip-1.7.3.vcxproj", "{DA7634E8-2776-31F3-957C-D51B70BB6C67}"
EndProject
Project("{8BC9CEB8-8B4A-11D0-8D11-00A0C91BC942}") = "libzippp", "..\..\3rdparty\libzippp\build\libzippp.vcxproj", "{431C4982-BB3F-30E5-B190-562ADD23E4BD}"
EndProject
Project("{8BC9CEB8-8B4A-11D0-8D11-00A0C91BC942}") = "libuv-1.44.2", "..\..\3rdparty\libuv-1.44.2\build\libuv-1.44.2.vcxproj", "{77A9CB49-8EF5-305E-B8F2-B913FD58AFC2}"
EndProject
Project("{8BC9CEB8-8B4A-11D0-8D11-00A0C91BC942}") = "uvcpp", "..\..\3rdparty\uv-cpp\build\uvpp.vcxproj", "{D7782A2D-0176-4E67-832E-02D106CAD71D}"
	ProjectSection(ProjectDependencies) = postProject
		{77A9CB49-8EF5-305E-B8F2-B913FD58AFC2} = {77A9CB49-8EF5-305E-B8F2-B913FD58AFC2}
	EndProjectSection
EndProject
Project("{2150E333-8FDC-42A3-9474-1A3956D46DE8}") = "3rdparty", "3rdparty", "{21CA93CD-F818-493D-A3FC-9BE7013794EF}"
EndProject
Project("{8BC9CEB8-8B4A-11D0-8D11-00A0C91BC942}") = "http-parser", "..\..\3rdparty\http-parser\build\http-parser.vcxproj", "{52262AC3-766B-4074-8B4E-414978AC0E5E}"
EndProject
Project("{8BC9CEB8-8B4A-11D0-8D11-00A0C91BC942}") = "quickfix1.15.1", "..\..\3rdparty\quickfix1.15.1\build\quickfix_1_15_1.vcxproj", "{E091F553-C082-371D-ADC9-A7F8D1E1770E}"
EndProject
Global
	GlobalSection(SolutionConfigurationPlatforms) = preSolution
		Debug|x64 = Debug|x64
		Debug|x86 = Debug|x86
		Release|x64 = Release|x64
		Release|x86 = Release|x86
	EndGlobalSection
	GlobalSection(ProjectConfigurationPlatforms) = postSolution
		{2FB632C0-3C64-3BAE-9E3E-939DC9B078C4}.Debug|x64.ActiveCfg = Debug|x64
		{2FB632C0-3C64-3BAE-9E3E-939DC9B078C4}.Debug|x64.Build.0 = Debug|x64
		{2FB632C0-3C64-3BAE-9E3E-939DC9B078C4}.Debug|x86.ActiveCfg = Debug|Win32
		{2FB632C0-3C64-3BAE-9E3E-939DC9B078C4}.Debug|x86.Build.0 = Debug|Win32
		{2FB632C0-3C64-3BAE-9E3E-939DC9B078C4}.Release|x64.ActiveCfg = Release|x64
		{2FB632C0-3C64-3BAE-9E3E-939DC9B078C4}.Release|x64.Build.0 = Release|x64
		{2FB632C0-3C64-3BAE-9E3E-939DC9B078C4}.Release|x86.ActiveCfg = Release|Win32
		{2FB632C0-3C64-3BAE-9E3E-939DC9B078C4}.Release|x86.Build.0 = Release|Win32
		{F9C13A95-C7EB-40F3-A599-3695C1E0CF38}.Debug|x64.ActiveCfg = Debug|x64
		{F9C13A95-C7EB-40F3-A599-3695C1E0CF38}.Debug|x64.Build.0 = Debug|x64
		{F9C13A95-C7EB-40F3-A599-3695C1E0CF38}.Debug|x86.ActiveCfg = Debug|Win32
		{F9C13A95-C7EB-40F3-A599-3695C1E0CF38}.Debug|x86.Build.0 = Debug|Win32
		{F9C13A95-C7EB-40F3-A599-3695C1E0CF38}.Release|x64.ActiveCfg = Release|x64
		{F9C13A95-C7EB-40F3-A599-3695C1E0CF38}.Release|x64.Build.0 = Release|x64
		{F9C13A95-C7EB-40F3-A599-3695C1E0CF38}.Release|x86.ActiveCfg = Release|Win32
		{F9C13A95-C7EB-40F3-A599-3695C1E0CF38}.Release|x86.Build.0 = Release|Win32
		{604863C3-EE26-416E-8DCE-6869133D5C07}.Debug|x64.ActiveCfg = Debug|x64
		{604863C3-EE26-416E-8DCE-6869133D5C07}.Debug|x64.Build.0 = Debug|x64
		{604863C3-EE26-416E-8DCE-6869133D5C07}.Debug|x86.ActiveCfg = Debug|Win32
		{604863C3-EE26-416E-8DCE-6869133D5C07}.Debug|x86.Build.0 = Debug|Win32
		{604863C3-EE26-416E-8DCE-6869133D5C07}.Release|x64.ActiveCfg = Release|x64
		{604863C3-EE26-416E-8DCE-6869133D5C07}.Release|x64.Build.0 = Release|x64
		{604863C3-EE26-416E-8DCE-6869133D5C07}.Release|x86.ActiveCfg = Release|Win32
		{604863C3-EE26-416E-8DCE-6869133D5C07}.Release|x86.Build.0 = Release|Win32
		{E369257D-A0D3-4D84-8163-EE12C02A942A}.Debug|x64.ActiveCfg = Debug|x64
		{E369257D-A0D3-4D84-8163-EE12C02A942A}.Debug|x64.Build.0 = Debug|x64
		{E369257D-A0D3-4D84-8163-EE12C02A942A}.Debug|x86.ActiveCfg = Debug|Win32
		{E369257D-A0D3-4D84-8163-EE12C02A942A}.Debug|x86.Build.0 = Debug|Win32
		{E369257D-A0D3-4D84-8163-EE12C02A942A}.Release|x64.ActiveCfg = Release|x64
		{E369257D-A0D3-4D84-8163-EE12C02A942A}.Release|x64.Build.0 = Release|x64
		{E369257D-A0D3-4D84-8163-EE12C02A942A}.Release|x86.ActiveCfg = Release|Win32
		{E369257D-A0D3-4D84-8163-EE12C02A942A}.Release|x86.Build.0 = Release|Win32
		{0ECEDD47-4EC9-3232-B099-20D54C597639}.Debug|x64.ActiveCfg = Debug|x64
		{0ECEDD47-4EC9-3232-B099-20D54C597639}.Debug|x64.Build.0 = Debug|x64
		{0ECEDD47-4EC9-3232-B099-20D54C597639}.Debug|x86.ActiveCfg = Debug|Win32
		{0ECEDD47-4EC9-3232-B099-20D54C597639}.Debug|x86.Build.0 = Debug|Win32
		{0ECEDD47-4EC9-3232-B099-20D54C597639}.Release|x64.ActiveCfg = Release|x64
		{0ECEDD47-4EC9-3232-B099-20D54C597639}.Release|x64.Build.0 = Release|x64
		{0ECEDD47-4EC9-3232-B099-20D54C597639}.Release|x86.ActiveCfg = Release|Win32
		{0ECEDD47-4EC9-3232-B099-20D54C597639}.Release|x86.Build.0 = Release|Win32
		{2126E8F0-EA74-3D9F-9E88-0075EC0DA387}.Debug|x64.ActiveCfg = Debug|x64
		{2126E8F0-EA74-3D9F-9E88-0075EC0DA387}.Debug|x64.Build.0 = Debug|x64
		{2126E8F0-EA74-3D9F-9E88-0075EC0DA387}.Debug|x86.ActiveCfg = Debug|Win32
		{2126E8F0-EA74-3D9F-9E88-0075EC0DA387}.Debug|x86.Build.0 = Debug|Win32
		{2126E8F0-EA74-3D9F-9E88-0075EC0DA387}.Release|x64.ActiveCfg = Release|x64
		{2126E8F0-EA74-3D9F-9E88-0075EC0DA387}.Release|x64.Build.0 = Release|x64
		{2126E8F0-EA74-3D9F-9E88-0075EC0DA387}.Release|x86.ActiveCfg = Release|Win32
		{2126E8F0-EA74-3D9F-9E88-0075EC0DA387}.Release|x86.Build.0 = Release|Win32
		{DA7634E8-2776-31F3-957C-D51B70BB6C67}.Debug|x64.ActiveCfg = Debug|x64
		{DA7634E8-2776-31F3-957C-D51B70BB6C67}.Debug|x64.Build.0 = Debug|x64
		{DA7634E8-2776-31F3-957C-D51B70BB6C67}.Debug|x86.ActiveCfg = Debug|Win32
		{DA7634E8-2776-31F3-957C-D51B70BB6C67}.Debug|x86.Build.0 = Debug|Win32
		{DA7634E8-2776-31F3-957C-D51B70BB6C67}.Release|x64.ActiveCfg = Release|x64
		{DA7634E8-2776-31F3-957C-D51B70BB6C67}.Release|x64.Build.0 = Release|x64
		{DA7634E8-2776-31F3-957C-D51B70BB6C67}.Release|x86.ActiveCfg = Release|Win32
		{DA7634E8-2776-31F3-957C-D51B70BB6C67}.Release|x86.Build.0 = Release|Win32
		{431C4982-BB3F-30E5-B190-562ADD23E4BD}.Debug|x64.ActiveCfg = Debug|x64
		{431C4982-BB3F-30E5-B190-562ADD23E4BD}.Debug|x64.Build.0 = Debug|x64
		{431C4982-BB3F-30E5-B190-562ADD23E4BD}.Debug|x86.ActiveCfg = Debug|Win32
		{431C4982-BB3F-30E5-B190-562ADD23E4BD}.Debug|x86.Build.0 = Debug|Win32
		{431C4982-BB3F-30E5-B190-562ADD23E4BD}.Release|x64.ActiveCfg = Release|x64
		{431C4982-BB3F-30E5-B190-562ADD23E4BD}.Release|x64.Build.0 = Release|x64
		{431C4982-BB3F-30E5-B190-562ADD23E4BD}.Release|x86.ActiveCfg = Release|Win32
		{431C4982-BB3F-30E5-B190-562ADD23E4BD}.Release|x86.Build.0 = Release|Win32
		{77A9CB49-8EF5-305E-B8F2-B913FD58AFC2}.Debug|x64.ActiveCfg = Debug|x64
		{77A9CB49-8EF5-305E-B8F2-B913FD58AFC2}.Debug|x64.Build.0 = Debug|x64
		{77A9CB49-8EF5-305E-B8F2-B913FD58AFC2}.Debug|x86.ActiveCfg = Debug|Win32
		{77A9CB49-8EF5-305E-B8F2-B913FD58AFC2}.Debug|x86.Build.0 = Debug|Win32
		{77A9CB49-8EF5-305E-B8F2-B913FD58AFC2}.Release|x64.ActiveCfg = Release|x64
		{77A9CB49-8EF5-305E-B8F2-B913FD58AFC2}.Release|x64.Build.0 = Release|x64
		{77A9CB49-8EF5-305E-B8F2-B913FD58AFC2}.Release|x86.ActiveCfg = Release|Win32
		{77A9CB49-8EF5-305E-B8F2-B913FD58AFC2}.Release|x86.Build.0 = Release|Win32
		{D7782A2D-0176-4E67-832E-02D106CAD71D}.Debug|x64.ActiveCfg = Debug|x64
		{D7782A2D-0176-4E67-832E-02D106CAD71D}.Debug|x64.Build.0 = Debug|x64
		{D7782A2D-0176-4E67-832E-02D106CAD71D}.Debug|x86.ActiveCfg = Debug|Win32
		{D7782A2D-0176-4E67-832E-02D106CAD71D}.Debug|x86.Build.0 = Debug|Win32
		{D7782A2D-0176-4E67-832E-02D106CAD71D}.Release|x64.ActiveCfg = Release|x64
		{D7782A2D-0176-4E67-832E-02D106CAD71D}.Release|x64.Build.0 = Release|x64
		{D7782A2D-0176-4E67-832E-02D106CAD71D}.Release|x86.ActiveCfg = Release|Win32
		{D7782A2D-0176-4E67-832E-02D106CAD71D}.Release|x86.Build.0 = Release|Win32
		{52262AC3-766B-4074-8B4E-414978AC0E5E}.Debug|x64.ActiveCfg = Debug|x64
		{52262AC3-766B-4074-8B4E-414978AC0E5E}.Debug|x64.Build.0 = Debug|x64
		{52262AC3-766B-4074-8B4E-414978AC0E5E}.Debug|x86.ActiveCfg = Debug|Win32
		{52262AC3-766B-4074-8B4E-414978AC0E5E}.Debug|x86.Build.0 = Debug|Win32
		{52262AC3-766B-4074-8B4E-414978AC0E5E}.Release|x64.ActiveCfg = Release|x64
		{52262AC3-766B-4074-8B4E-414978AC0E5E}.Release|x64.Build.0 = Release|x64
		{52262AC3-766B-4074-8B4E-414978AC0E5E}.Release|x86.ActiveCfg = Release|Win32
		{52262AC3-766B-4074-8B4E-414978AC0E5E}.Release|x86.Build.0 = Release|Win32
		{E091F553-C082-371D-ADC9-A7F8D1E1770E}.Debug|x64.ActiveCfg = Debug|x64
		{E091F553-C082-371D-ADC9-A7F8D1E1770E}.Debug|x64.Build.0 = Debug|x64
		{E091F553-C082-371D-ADC9-A7F8D1E1770E}.Debug|x86.ActiveCfg = Debug|Win32
		{E091F553-C082-371D-ADC9-A7F8D1E1770E}.Debug|x86.Build.0 = Debug|Win32
		{E091F553-C082-371D-ADC9-A7F8D1E1770E}.Release|x64.ActiveCfg = Release|x64
		{E091F553-C082-371D-ADC9-A7F8D1E1770E}.Release|x64.Build.0 = Release|x64
		{E091F553-C082-371D-ADC9-A7F8D1E1770E}.Release|x86.ActiveCfg = Release|Win32
		{E091F553-C082-371D-ADC9-A7F8D1E1770E}.Release|x86.Build.0 = Release|Win32
	EndGlobalSection
	GlobalSection(SolutionProperties) = preSolution
		HideSolutionNode = FALSE
	EndGlobalSection
	GlobalSection(NestedProjects) = preSolution
		{2FB632C0-3C64-3BAE-9E3E-939DC9B078C4} = {21CA93CD-F818-493D-A3FC-9BE7013794EF}
		{F9C13A95-C7EB-40F3-A599-3695C1E0CF38} = {21CA93CD-F818-493D-A3FC-9BE7013794EF}
		{604863C3-EE26-416E-8DCE-6869133D5C07} = {21CA93CD-F818-493D-A3FC-9BE7013794EF}
		{E369257D-A0D3-4D84-8163-EE12C02A942A} = {21CA93CD-F818-493D-A3FC-9BE7013794EF}
		{0ECEDD47-4EC9-3232-B099-20D54C597639} = {21CA93CD-F818-493D-A3FC-9BE7013794EF}
		{2126E8F0-EA74-3D9F-9E88-0075EC0DA387} = {21CA93CD-F818-493D-A3FC-9BE7013794EF}
		{DA7634E8-2776-31F3-957C-D51B70BB6C67} = {21CA93CD-F818-493D-A3FC-9BE7013794EF}
		{431C4982-BB3F-30E5-B190-562ADD23E4BD} = {21CA93CD-F818-493D-A3FC-9BE7013794EF}
		{77A9CB49-8EF5-305E-B8F2-B913FD58AFC2} = {21CA93CD-F818-493D-A3FC-9BE7013794EF}
		{D7782A2D-0176-4E67-832E-02D106CAD71D} = {21CA93CD-F818-493D-A3FC-9BE7013794EF}
		{52262AC3-766B-4074-8B4E-414978AC0E5E} = {21CA93CD-F818-493D-A3FC-9BE7013794EF}
		{E091F553-C082-371D-ADC9-A7F8D1E1770E} = {21CA93CD-F818-493D-A3FC-9BE7013794EF}
	EndGlobalSection
	GlobalSection(ExtensibilityGlobals) = postSolution
		SolutionGuid = {AF5A2661-AF3D-403C-A8E2-9F951FD0EAEA}
	EndGlobalSection
EndGlobal
