
Microsoft Visual Studio Solution File, Format Version 12.00
# Visual Studio Version 17
VisualStudioVersion = 17.4.33122.133
MinimumVisualStudioVersion = 10.0.40219.1
Project("{8BC9CEB8-8B4A-11D0-8D11-00A0C91BC942}") = "CFHMarketData", "..\..\projects\MT5Projects\build\components\CFHMarketData.vcxproj", "{9FA1B013-6344-4EA1-8432-10C6F02D20EC}"
EndProject
Project("{2150E333-8FDC-42A3-9474-1A3956D46DE8}") = "Components", "Components", "{6A560BAA-0014-407F-804D-C42A29C73F1D}"
EndProject
Project("{8BC9CEB8-8B4A-11D0-8D11-00A0C91BC942}") = "CFHTradeOrder", "..\..\projects\MT5Projects\build\components\CFHTradeOrder.vcxproj", "{A1A2879B-E7DC-40E1-9F36-D29E6521F73F}"
EndProject
Project("{8BC9CEB8-8B4A-11D0-8D11-00A0C91BC942}") = "LMAXMarketData", "..\..\projects\MT5Projects\build\components\LMAXMarketData.vcxproj", "{B48B53A1-250E-401F-B9BB-DB3743580674}"
EndProject
Project("{8BC9CEB8-8B4A-11D0-8D11-00A0C91BC942}") = "LMAXTradeOrder", "..\..\projects\MT5Projects\build\components\LMAXTradeOrder.vcxproj", "{1E924EE3-BFF5-4D91-B0AD-C48E8E8C1A35}"
EndProject
Project("{2150E333-8FDC-42A3-9474-1A3956D46DE8}") = "Shared", "Shared", "{6D060ED3-C5D4-43D0-A7DB-6B12CDED8E16}"
EndProject
Project("{8BC9CEB8-8B4A-11D0-8D11-00A0C91BC942}") = "trade_helper", "..\..\projects\MT5Projects\build\shared\trade_helper.vcxproj", "{B7EE7789-1836-4594-86D0-5C1C74F40D97}"
EndProject
Project("{8BC9CEB8-8B4A-11D0-8D11-00A0C91BC942}") = "protocol", "..\..\projects\MT5Projects\build\shared\protocol.vcxproj", "{CDB575A6-0D56-45C8-98FA-11F0C60730A0}"
EndProject
Project("{2150E333-8FDC-42A3-9474-1A3956D46DE8}") = "Plugin", "Plugin", "{75D1BF7F-8717-4A31-BF19-848C7B56C77D}"
EndProject
Project("{8BC9CEB8-8B4A-11D0-8D11-00A0C91BC942}") = "dealer", "..\..\projects\MT5Projects\build\plugin\dealer.vcxproj", "{F55834D8-643A-4CAA-B685-397AD4AAB724}"
EndProject
Project("{8BC9CEB8-8B4A-11D0-8D11-00A0C91BC942}") = "feeder", "..\..\projects\MT5Projects\build\plugin\feeder.vcxproj", "{CFFD2269-13DB-49B2-B737-DAD38AFB2740}"
EndProject
Project("{8BC9CEB8-8B4A-11D0-8D11-00A0C91BC942}") = "follow", "..\..\projects\MT5Projects\build\plugin\follow.vcxproj", "{D9D4EB7B-DB37-4AB4-B7AF-E102FE1179A7}"
EndProject
Project("{2150E333-8FDC-42A3-9474-1A3956D46DE8}") = "Manager", "Manager", "{B7C69C62-4497-41D7-AF3A-D47D4577AC73}"
EndProject
Project("{8BC9CEB8-8B4A-11D0-8D11-00A0C91BC942}") = "manager_bridge", "..\..\projects\MT5Projects\build\manager\manager_bridge.vcxproj", "{E77978DF-D436-43B1-8D35-585FBB041A21}"
EndProject
Project("{8BC9CEB8-8B4A-11D0-8D11-00A0C91BC942}") = "manager_follow", "..\..\projects\MT5Projects\build\manager\manager_follow.vcxproj", "{52101398-2177-4B37-BC7D-038A9A4F2B47}"
EndProject
Project("{2150E333-8FDC-42A3-9474-1A3956D46DE8}") = "System", "System", "{F4D1791E-3E19-4D7F-8378-30CFE34B41E8}"
EndProject
Project("{8BC9CEB8-8B4A-11D0-8D11-00A0C91BC942}") = "bridge", "..\..\projects\MT5Projects\build\system\bridge.vcxproj", "{9C86E08B-A804-4A14-82D0-4EC1D7295EC3}"
	ProjectSection(ProjectDependencies) = postProject
		{3B2C62FA-02A3-4E79-99B3-31A0E8513903} = {3B2C62FA-02A3-4E79-99B3-31A0E8513903}
		{B7EE7789-1836-4594-86D0-5C1C74F40D97} = {B7EE7789-1836-4594-86D0-5C1C74F40D97}
	EndProjectSection
EndProject
Project("{8BC9CEB8-8B4A-11D0-8D11-00A0C91BC942}") = "bridge_console", "..\..\projects\MT5Projects\build\system\bridge_console.vcxproj", "{87B00B4A-D6C2-46CE-BCE9-0DE54C0ED154}"
EndProject
Project("{2150E333-8FDC-42A3-9474-1A3956D46DE8}") = "License", "License", "{8C3C2014-127A-47CF-99E5-45640DC2801B}"
EndProject
Project("{8BC9CEB8-8B4A-11D0-8D11-00A0C91BC942}") = "license", "..\..\projects\MT5Projects\build\license\license.vcxproj", "{A4698F2B-183A-40A6-928C-02C3B2F6957A}"
EndProject
Project("{8BC9CEB8-8B4A-11D0-8D11-00A0C91BC942}") = "license_tool", "..\..\projects\MT5Projects\build\license\license_tool.vcxproj", "{2DB02EFF-C0B0-45D9-BF24-DC194E7CE5C3}"
EndProject
Project("{2150E333-8FDC-42A3-9474-1A3956D46DE8}") = "Tools", "Tools", "{FECED40B-A872-4DA6-947A-5DC5B2256414}"
EndProject
Project("{8BC9CEB8-8B4A-11D0-8D11-00A0C91BC942}") = "MT5DeveloperTool", "..\..\projects\MT5Projects\build\tools\MT5DeveloperTool.vcxproj", "{2D93B916-356B-4C2E-8C33-E08F1BA7703E}"
EndProject
Project("{8BC9CEB8-8B4A-11D0-8D11-00A0C91BC942}") = "trade_algorithm", "..\..\projects\MT5Projects\build\shared\trade_algorithm.vcxproj", "{3B2C62FA-02A3-4E79-99B3-31A0E8513903}"
EndProject
Project("{2150E333-8FDC-42A3-9474-1A3956D46DE8}") = "tests", "tests", "{B46DDD9A-6F16-447C-BA11-485A37326AB9}"
EndProject
Project("{8BC9CEB8-8B4A-11D0-8D11-00A0C91BC942}") = "test_protocol", "..\..\projects\MT5Projects\build\tests\test_protocol.vcxproj", "{720F002C-D354-468A-8832-67673DCD370E}"
	ProjectSection(ProjectDependencies) = postProject
		{2DF69278-A81C-4B31-A2B6-4886D7C45D62} = {2DF69278-A81C-4B31-A2B6-4886D7C45D62}
		{A15C3821-CBB8-40E7-8F27-45A2781037B7} = {A15C3821-CBB8-40E7-8F27-45A2781037B7}
	EndProjectSection
EndProject
Project("{8BC9CEB8-8B4A-11D0-8D11-00A0C91BC942}") = "quickfix", "..\..\projects\MT5Projects\build\shared\quickfix.vcxproj", "{A15C3821-CBB8-40E7-8F27-45A2781037B7}"
EndProject
Project("{2150E333-8FDC-42A3-9474-1A3956D46DE8}") = "LiquidityProviders", "LiquidityProviders", "{C12AF6D2-C5D7-49D0-A28E-37D82C9E8EA9}"
EndProject
Project("{8BC9CEB8-8B4A-11D0-8D11-00A0C91BC942}") = "lmax_marketdata", "..\..\projects\MT5Projects\build\LiquidityProviders\lmax_marketdata.vcxproj", "{2DF69278-A81C-4B31-A2B6-4886D7C45D62}"
EndProject
Project("{8BC9CEB8-8B4A-11D0-8D11-00A0C91BC942}") = "libcurlpp", "..\..\projects\libcurlpp\libcurlpp.vcxproj", "{1FA03FC0-FBCE-4011-866F-26B8742225B8}"
EndProject
Global
	GlobalSection(SolutionConfigurationPlatforms) = preSolution
		Debug|x64 = Debug|x64
		Debug|x86 = Debug|x86
		Release|x64 = Release|x64
		Release|x86 = Release|x86
	EndGlobalSection
	GlobalSection(ProjectConfigurationPlatforms) = postSolution
		{9FA1B013-6344-4EA1-8432-10C6F02D20EC}.Debug|x64.ActiveCfg = Debug|x64
		{9FA1B013-6344-4EA1-8432-10C6F02D20EC}.Debug|x64.Build.0 = Debug|x64
		{9FA1B013-6344-4EA1-8432-10C6F02D20EC}.Debug|x86.ActiveCfg = Debug|x64
		{9FA1B013-6344-4EA1-8432-10C6F02D20EC}.Debug|x86.Build.0 = Debug|x64
		{9FA1B013-6344-4EA1-8432-10C6F02D20EC}.Release|x64.ActiveCfg = Release|x64
		{9FA1B013-6344-4EA1-8432-10C6F02D20EC}.Release|x64.Build.0 = Release|x64
		{9FA1B013-6344-4EA1-8432-10C6F02D20EC}.Release|x86.ActiveCfg = Release|x64
		{9FA1B013-6344-4EA1-8432-10C6F02D20EC}.Release|x86.Build.0 = Release|x64
		{A1A2879B-E7DC-40E1-9F36-D29E6521F73F}.Debug|x64.ActiveCfg = Debug|x64
		{A1A2879B-E7DC-40E1-9F36-D29E6521F73F}.Debug|x64.Build.0 = Debug|x64
		{A1A2879B-E7DC-40E1-9F36-D29E6521F73F}.Debug|x86.ActiveCfg = Debug|x64
		{A1A2879B-E7DC-40E1-9F36-D29E6521F73F}.Debug|x86.Build.0 = Debug|x64
		{A1A2879B-E7DC-40E1-9F36-D29E6521F73F}.Release|x64.ActiveCfg = Release|x64
		{A1A2879B-E7DC-40E1-9F36-D29E6521F73F}.Release|x64.Build.0 = Release|x64
		{A1A2879B-E7DC-40E1-9F36-D29E6521F73F}.Release|x86.ActiveCfg = Release|x64
		{A1A2879B-E7DC-40E1-9F36-D29E6521F73F}.Release|x86.Build.0 = Release|x64
		{B48B53A1-250E-401F-B9BB-DB3743580674}.Debug|x64.ActiveCfg = Debug|x64
		{B48B53A1-250E-401F-B9BB-DB3743580674}.Debug|x64.Build.0 = Debug|x64
		{B48B53A1-250E-401F-B9BB-DB3743580674}.Debug|x86.ActiveCfg = Debug|x64
		{B48B53A1-250E-401F-B9BB-DB3743580674}.Debug|x86.Build.0 = Debug|x64
		{B48B53A1-250E-401F-B9BB-DB3743580674}.Release|x64.ActiveCfg = Release|x64
		{B48B53A1-250E-401F-B9BB-DB3743580674}.Release|x64.Build.0 = Release|x64
		{B48B53A1-250E-401F-B9BB-DB3743580674}.Release|x86.ActiveCfg = Release|x64
		{B48B53A1-250E-401F-B9BB-DB3743580674}.Release|x86.Build.0 = Release|x64
		{1E924EE3-BFF5-4D91-B0AD-C48E8E8C1A35}.Debug|x64.ActiveCfg = Debug|x64
		{1E924EE3-BFF5-4D91-B0AD-C48E8E8C1A35}.Debug|x64.Build.0 = Debug|x64
		{1E924EE3-BFF5-4D91-B0AD-C48E8E8C1A35}.Debug|x86.ActiveCfg = Debug|x64
		{1E924EE3-BFF5-4D91-B0AD-C48E8E8C1A35}.Debug|x86.Build.0 = Debug|x64
		{1E924EE3-BFF5-4D91-B0AD-C48E8E8C1A35}.Release|x64.ActiveCfg = Release|x64
		{1E924EE3-BFF5-4D91-B0AD-C48E8E8C1A35}.Release|x64.Build.0 = Release|x64
		{1E924EE3-BFF5-4D91-B0AD-C48E8E8C1A35}.Release|x86.ActiveCfg = Release|x64
		{1E924EE3-BFF5-4D91-B0AD-C48E8E8C1A35}.Release|x86.Build.0 = Release|x64
		{B7EE7789-1836-4594-86D0-5C1C74F40D97}.Debug|x64.ActiveCfg = Debug|x64
		{B7EE7789-1836-4594-86D0-5C1C74F40D97}.Debug|x64.Build.0 = Debug|x64
		{B7EE7789-1836-4594-86D0-5C1C74F40D97}.Debug|x86.ActiveCfg = Debug|x64
		{B7EE7789-1836-4594-86D0-5C1C74F40D97}.Debug|x86.Build.0 = Debug|x64
		{B7EE7789-1836-4594-86D0-5C1C74F40D97}.Release|x64.ActiveCfg = Release|x64
		{B7EE7789-1836-4594-86D0-5C1C74F40D97}.Release|x64.Build.0 = Release|x64
		{B7EE7789-1836-4594-86D0-5C1C74F40D97}.Release|x86.ActiveCfg = Release|x64
		{B7EE7789-1836-4594-86D0-5C1C74F40D97}.Release|x86.Build.0 = Release|x64
		{CDB575A6-0D56-45C8-98FA-11F0C60730A0}.Debug|x64.ActiveCfg = Debug|x64
		{CDB575A6-0D56-45C8-98FA-11F0C60730A0}.Debug|x64.Build.0 = Debug|x64
		{CDB575A6-0D56-45C8-98FA-11F0C60730A0}.Debug|x86.ActiveCfg = Debug|x64
		{CDB575A6-0D56-45C8-98FA-11F0C60730A0}.Debug|x86.Build.0 = Debug|x64
		{CDB575A6-0D56-45C8-98FA-11F0C60730A0}.Release|x64.ActiveCfg = Release|x64
		{CDB575A6-0D56-45C8-98FA-11F0C60730A0}.Release|x64.Build.0 = Release|x64
		{CDB575A6-0D56-45C8-98FA-11F0C60730A0}.Release|x86.ActiveCfg = Release|x64
		{CDB575A6-0D56-45C8-98FA-11F0C60730A0}.Release|x86.Build.0 = Release|x64
		{F55834D8-643A-4CAA-B685-397AD4AAB724}.Debug|x64.ActiveCfg = Debug|x64
		{F55834D8-643A-4CAA-B685-397AD4AAB724}.Debug|x64.Build.0 = Debug|x64
		{F55834D8-643A-4CAA-B685-397AD4AAB724}.Debug|x86.ActiveCfg = Debug|x64
		{F55834D8-643A-4CAA-B685-397AD4AAB724}.Debug|x86.Build.0 = Debug|x64
		{F55834D8-643A-4CAA-B685-397AD4AAB724}.Release|x64.ActiveCfg = Release|x64
		{F55834D8-643A-4CAA-B685-397AD4AAB724}.Release|x64.Build.0 = Release|x64
		{F55834D8-643A-4CAA-B685-397AD4AAB724}.Release|x86.ActiveCfg = Release|x64
		{F55834D8-643A-4CAA-B685-397AD4AAB724}.Release|x86.Build.0 = Release|x64
		{CFFD2269-13DB-49B2-B737-DAD38AFB2740}.Debug|x64.ActiveCfg = Debug|x64
		{CFFD2269-13DB-49B2-B737-DAD38AFB2740}.Debug|x64.Build.0 = Debug|x64
		{CFFD2269-13DB-49B2-B737-DAD38AFB2740}.Debug|x86.ActiveCfg = Debug|x64
		{CFFD2269-13DB-49B2-B737-DAD38AFB2740}.Debug|x86.Build.0 = Debug|x64
		{CFFD2269-13DB-49B2-B737-DAD38AFB2740}.Release|x64.ActiveCfg = Release|x64
		{CFFD2269-13DB-49B2-B737-DAD38AFB2740}.Release|x64.Build.0 = Release|x64
		{CFFD2269-13DB-49B2-B737-DAD38AFB2740}.Release|x86.ActiveCfg = Release|x64
		{CFFD2269-13DB-49B2-B737-DAD38AFB2740}.Release|x86.Build.0 = Release|x64
		{D9D4EB7B-DB37-4AB4-B7AF-E102FE1179A7}.Debug|x64.ActiveCfg = Debug|x64
		{D9D4EB7B-DB37-4AB4-B7AF-E102FE1179A7}.Debug|x64.Build.0 = Debug|x64
		{D9D4EB7B-DB37-4AB4-B7AF-E102FE1179A7}.Debug|x86.ActiveCfg = Debug|x64
		{D9D4EB7B-DB37-4AB4-B7AF-E102FE1179A7}.Debug|x86.Build.0 = Debug|x64
		{D9D4EB7B-DB37-4AB4-B7AF-E102FE1179A7}.Release|x64.ActiveCfg = Release|x64
		{D9D4EB7B-DB37-4AB4-B7AF-E102FE1179A7}.Release|x64.Build.0 = Release|x64
		{D9D4EB7B-DB37-4AB4-B7AF-E102FE1179A7}.Release|x86.ActiveCfg = Release|x64
		{D9D4EB7B-DB37-4AB4-B7AF-E102FE1179A7}.Release|x86.Build.0 = Release|x64
		{E77978DF-D436-43B1-8D35-585FBB041A21}.Debug|x64.ActiveCfg = Debug|x64
		{E77978DF-D436-43B1-8D35-585FBB041A21}.Debug|x64.Build.0 = Debug|x64
		{E77978DF-D436-43B1-8D35-585FBB041A21}.Debug|x86.ActiveCfg = Debug|x64
		{E77978DF-D436-43B1-8D35-585FBB041A21}.Debug|x86.Build.0 = Debug|x64
		{E77978DF-D436-43B1-8D35-585FBB041A21}.Release|x64.ActiveCfg = Release|x64
		{E77978DF-D436-43B1-8D35-585FBB041A21}.Release|x64.Build.0 = Release|x64
		{E77978DF-D436-43B1-8D35-585FBB041A21}.Release|x86.ActiveCfg = Release|x64
		{E77978DF-D436-43B1-8D35-585FBB041A21}.Release|x86.Build.0 = Release|x64
		{52101398-2177-4B37-BC7D-038A9A4F2B47}.Debug|x64.ActiveCfg = Debug|x64
		{52101398-2177-4B37-BC7D-038A9A4F2B47}.Debug|x64.Build.0 = Debug|x64
		{52101398-2177-4B37-BC7D-038A9A4F2B47}.Debug|x86.ActiveCfg = Debug|x64
		{52101398-2177-4B37-BC7D-038A9A4F2B47}.Debug|x86.Build.0 = Debug|x64
		{52101398-2177-4B37-BC7D-038A9A4F2B47}.Release|x64.ActiveCfg = Release|x64
		{52101398-2177-4B37-BC7D-038A9A4F2B47}.Release|x64.Build.0 = Release|x64
		{52101398-2177-4B37-BC7D-038A9A4F2B47}.Release|x86.ActiveCfg = Release|x64
		{52101398-2177-4B37-BC7D-038A9A4F2B47}.Release|x86.Build.0 = Release|x64
		{9C86E08B-A804-4A14-82D0-4EC1D7295EC3}.Debug|x64.ActiveCfg = Debug|x64
		{9C86E08B-A804-4A14-82D0-4EC1D7295EC3}.Debug|x64.Build.0 = Debug|x64
		{9C86E08B-A804-4A14-82D0-4EC1D7295EC3}.Debug|x86.ActiveCfg = Debug|x64
		{9C86E08B-A804-4A14-82D0-4EC1D7295EC3}.Debug|x86.Build.0 = Debug|x64
		{9C86E08B-A804-4A14-82D0-4EC1D7295EC3}.Release|x64.ActiveCfg = Release|x64
		{9C86E08B-A804-4A14-82D0-4EC1D7295EC3}.Release|x64.Build.0 = Release|x64
		{9C86E08B-A804-4A14-82D0-4EC1D7295EC3}.Release|x86.ActiveCfg = Release|x64
		{9C86E08B-A804-4A14-82D0-4EC1D7295EC3}.Release|x86.Build.0 = Release|x64
		{87B00B4A-D6C2-46CE-BCE9-0DE54C0ED154}.Debug|x64.ActiveCfg = Debug|x64
		{87B00B4A-D6C2-46CE-BCE9-0DE54C0ED154}.Debug|x64.Build.0 = Debug|x64
		{87B00B4A-D6C2-46CE-BCE9-0DE54C0ED154}.Debug|x86.ActiveCfg = Debug|x64
		{87B00B4A-D6C2-46CE-BCE9-0DE54C0ED154}.Debug|x86.Build.0 = Debug|x64
		{87B00B4A-D6C2-46CE-BCE9-0DE54C0ED154}.Release|x64.ActiveCfg = Release|x64
		{87B00B4A-D6C2-46CE-BCE9-0DE54C0ED154}.Release|x64.Build.0 = Release|x64
		{87B00B4A-D6C2-46CE-BCE9-0DE54C0ED154}.Release|x86.ActiveCfg = Release|x64
		{87B00B4A-D6C2-46CE-BCE9-0DE54C0ED154}.Release|x86.Build.0 = Release|x64
		{A4698F2B-183A-40A6-928C-02C3B2F6957A}.Debug|x64.ActiveCfg = Debug|Win32
		{A4698F2B-183A-40A6-928C-02C3B2F6957A}.Debug|x64.Build.0 = Debug|Win32
		{A4698F2B-183A-40A6-928C-02C3B2F6957A}.Debug|x86.ActiveCfg = Debug|Win32
		{A4698F2B-183A-40A6-928C-02C3B2F6957A}.Debug|x86.Build.0 = Debug|Win32
		{A4698F2B-183A-40A6-928C-02C3B2F6957A}.Release|x64.ActiveCfg = Release|x64
		{A4698F2B-183A-40A6-928C-02C3B2F6957A}.Release|x64.Build.0 = Release|x64
		{A4698F2B-183A-40A6-928C-02C3B2F6957A}.Release|x86.ActiveCfg = Release|Win32
		{A4698F2B-183A-40A6-928C-02C3B2F6957A}.Release|x86.Build.0 = Release|Win32
		{2DB02EFF-C0B0-45D9-BF24-DC194E7CE5C3}.Debug|x64.ActiveCfg = Debug|x64
		{2DB02EFF-C0B0-45D9-BF24-DC194E7CE5C3}.Debug|x64.Build.0 = Debug|x64
		{2DB02EFF-C0B0-45D9-BF24-DC194E7CE5C3}.Debug|x86.ActiveCfg = Debug|x64
		{2DB02EFF-C0B0-45D9-BF24-DC194E7CE5C3}.Debug|x86.Build.0 = Debug|x64
		{2DB02EFF-C0B0-45D9-BF24-DC194E7CE5C3}.Release|x64.ActiveCfg = Release|x64
		{2DB02EFF-C0B0-45D9-BF24-DC194E7CE5C3}.Release|x64.Build.0 = Release|x64
		{2DB02EFF-C0B0-45D9-BF24-DC194E7CE5C3}.Release|x86.ActiveCfg = Release|x64
		{2DB02EFF-C0B0-45D9-BF24-DC194E7CE5C3}.Release|x86.Build.0 = Release|x64
		{2D93B916-356B-4C2E-8C33-E08F1BA7703E}.Debug|x64.ActiveCfg = Debug|x64
		{2D93B916-356B-4C2E-8C33-E08F1BA7703E}.Debug|x64.Build.0 = Debug|x64
		{2D93B916-356B-4C2E-8C33-E08F1BA7703E}.Debug|x86.ActiveCfg = Debug|x64
		{2D93B916-356B-4C2E-8C33-E08F1BA7703E}.Debug|x86.Build.0 = Debug|x64
		{2D93B916-356B-4C2E-8C33-E08F1BA7703E}.Release|x64.ActiveCfg = Release|x64
		{2D93B916-356B-4C2E-8C33-E08F1BA7703E}.Release|x64.Build.0 = Release|x64
		{2D93B916-356B-4C2E-8C33-E08F1BA7703E}.Release|x86.ActiveCfg = Release|x64
		{2D93B916-356B-4C2E-8C33-E08F1BA7703E}.Release|x86.Build.0 = Release|x64
		{3B2C62FA-02A3-4E79-99B3-31A0E8513903}.Debug|x64.ActiveCfg = Debug|x64
		{3B2C62FA-02A3-4E79-99B3-31A0E8513903}.Debug|x64.Build.0 = Debug|x64
		{3B2C62FA-02A3-4E79-99B3-31A0E8513903}.Debug|x86.ActiveCfg = Debug|x64
		{3B2C62FA-02A3-4E79-99B3-31A0E8513903}.Debug|x86.Build.0 = Debug|x64
		{3B2C62FA-02A3-4E79-99B3-31A0E8513903}.Release|x64.ActiveCfg = Release|x64
		{3B2C62FA-02A3-4E79-99B3-31A0E8513903}.Release|x64.Build.0 = Release|x64
		{3B2C62FA-02A3-4E79-99B3-31A0E8513903}.Release|x86.ActiveCfg = Release|x64
		{3B2C62FA-02A3-4E79-99B3-31A0E8513903}.Release|x86.Build.0 = Release|x64
		{720F002C-D354-468A-8832-67673DCD370E}.Debug|x64.ActiveCfg = Debug|x64
		{720F002C-D354-468A-8832-67673DCD370E}.Debug|x64.Build.0 = Debug|x64
		{720F002C-D354-468A-8832-67673DCD370E}.Debug|x86.ActiveCfg = Debug|x64
		{720F002C-D354-468A-8832-67673DCD370E}.Debug|x86.Build.0 = Debug|x64
		{720F002C-D354-468A-8832-67673DCD370E}.Release|x64.ActiveCfg = Release|x64
		{720F002C-D354-468A-8832-67673DCD370E}.Release|x64.Build.0 = Release|x64
		{720F002C-D354-468A-8832-67673DCD370E}.Release|x86.ActiveCfg = Release|x64
		{720F002C-D354-468A-8832-67673DCD370E}.Release|x86.Build.0 = Release|x64
		{A15C3821-CBB8-40E7-8F27-45A2781037B7}.Debug|x64.ActiveCfg = Debug|x64
		{A15C3821-CBB8-40E7-8F27-45A2781037B7}.Debug|x64.Build.0 = Debug|x64
		{A15C3821-CBB8-40E7-8F27-45A2781037B7}.Debug|x86.ActiveCfg = Debug|x64
		{A15C3821-CBB8-40E7-8F27-45A2781037B7}.Debug|x86.Build.0 = Debug|x64
		{A15C3821-CBB8-40E7-8F27-45A2781037B7}.Release|x64.ActiveCfg = Release|x64
		{A15C3821-CBB8-40E7-8F27-45A2781037B7}.Release|x64.Build.0 = Release|x64
		{A15C3821-CBB8-40E7-8F27-45A2781037B7}.Release|x86.ActiveCfg = Release|x64
		{A15C3821-CBB8-40E7-8F27-45A2781037B7}.Release|x86.Build.0 = Release|x64
		{2DF69278-A81C-4B31-A2B6-4886D7C45D62}.Debug|x64.ActiveCfg = Debug|x64
		{2DF69278-A81C-4B31-A2B6-4886D7C45D62}.Debug|x64.Build.0 = Debug|x64
		{2DF69278-A81C-4B31-A2B6-4886D7C45D62}.Debug|x86.ActiveCfg = Debug|x64
		{2DF69278-A81C-4B31-A2B6-4886D7C45D62}.Debug|x86.Build.0 = Debug|x64
		{2DF69278-A81C-4B31-A2B6-4886D7C45D62}.Release|x64.ActiveCfg = Release|x64
		{2DF69278-A81C-4B31-A2B6-4886D7C45D62}.Release|x64.Build.0 = Release|x64
		{2DF69278-A81C-4B31-A2B6-4886D7C45D62}.Release|x86.ActiveCfg = Release|x64
		{2DF69278-A81C-4B31-A2B6-4886D7C45D62}.Release|x86.Build.0 = Release|x64
		{1FA03FC0-FBCE-4011-866F-26B8742225B8}.Debug|x64.ActiveCfg = Debug|x64
		{1FA03FC0-FBCE-4011-866F-26B8742225B8}.Debug|x64.Build.0 = Debug|x64
		{1FA03FC0-FBCE-4011-866F-26B8742225B8}.Debug|x86.ActiveCfg = Debug|Win32
		{1FA03FC0-FBCE-4011-866F-26B8742225B8}.Debug|x86.Build.0 = Debug|Win32
		{1FA03FC0-FBCE-4011-866F-26B8742225B8}.Release|x64.ActiveCfg = Release|x64
		{1FA03FC0-FBCE-4011-866F-26B8742225B8}.Release|x64.Build.0 = Release|x64
		{1FA03FC0-FBCE-4011-866F-26B8742225B8}.Release|x86.ActiveCfg = Release|Win32
		{1FA03FC0-FBCE-4011-866F-26B8742225B8}.Release|x86.Build.0 = Release|Win32
	EndGlobalSection
	GlobalSection(SolutionProperties) = preSolution
		HideSolutionNode = FALSE
	EndGlobalSection
	GlobalSection(NestedProjects) = preSolution
		{9FA1B013-6344-4EA1-8432-10C6F02D20EC} = {6A560BAA-0014-407F-804D-C42A29C73F1D}
		{A1A2879B-E7DC-40E1-9F36-D29E6521F73F} = {6A560BAA-0014-407F-804D-C42A29C73F1D}
		{B48B53A1-250E-401F-B9BB-DB3743580674} = {6A560BAA-0014-407F-804D-C42A29C73F1D}
		{1E924EE3-BFF5-4D91-B0AD-C48E8E8C1A35} = {6A560BAA-0014-407F-804D-C42A29C73F1D}
		{B7EE7789-1836-4594-86D0-5C1C74F40D97} = {6D060ED3-C5D4-43D0-A7DB-6B12CDED8E16}
		{CDB575A6-0D56-45C8-98FA-11F0C60730A0} = {6D060ED3-C5D4-43D0-A7DB-6B12CDED8E16}
		{F55834D8-643A-4CAA-B685-397AD4AAB724} = {75D1BF7F-8717-4A31-BF19-848C7B56C77D}
		{CFFD2269-13DB-49B2-B737-DAD38AFB2740} = {75D1BF7F-8717-4A31-BF19-848C7B56C77D}
		{D9D4EB7B-DB37-4AB4-B7AF-E102FE1179A7} = {75D1BF7F-8717-4A31-BF19-848C7B56C77D}
		{E77978DF-D436-43B1-8D35-585FBB041A21} = {B7C69C62-4497-41D7-AF3A-D47D4577AC73}
		{52101398-2177-4B37-BC7D-038A9A4F2B47} = {B7C69C62-4497-41D7-AF3A-D47D4577AC73}
		{9C86E08B-A804-4A14-82D0-4EC1D7295EC3} = {F4D1791E-3E19-4D7F-8378-30CFE34B41E8}
		{87B00B4A-D6C2-46CE-BCE9-0DE54C0ED154} = {F4D1791E-3E19-4D7F-8378-30CFE34B41E8}
		{A4698F2B-183A-40A6-928C-02C3B2F6957A} = {8C3C2014-127A-47CF-99E5-45640DC2801B}
		{2DB02EFF-C0B0-45D9-BF24-DC194E7CE5C3} = {8C3C2014-127A-47CF-99E5-45640DC2801B}
		{2D93B916-356B-4C2E-8C33-E08F1BA7703E} = {FECED40B-A872-4DA6-947A-5DC5B2256414}
		{3B2C62FA-02A3-4E79-99B3-31A0E8513903} = {6D060ED3-C5D4-43D0-A7DB-6B12CDED8E16}
		{720F002C-D354-468A-8832-67673DCD370E} = {B46DDD9A-6F16-447C-BA11-485A37326AB9}
		{A15C3821-CBB8-40E7-8F27-45A2781037B7} = {6D060ED3-C5D4-43D0-A7DB-6B12CDED8E16}
		{2DF69278-A81C-4B31-A2B6-4886D7C45D62} = {C12AF6D2-C5D7-49D0-A28E-37D82C9E8EA9}
		{1FA03FC0-FBCE-4011-866F-26B8742225B8} = {6D060ED3-C5D4-43D0-A7DB-6B12CDED8E16}
	EndGlobalSection
	GlobalSection(ExtensibilityGlobals) = postSolution
		SolutionGuid = {38EF6A67-E10A-4D2A-9688-38C70B7176FA}
	EndGlobalSection
EndGlobal
