
Microsoft Visual Studio Solution File, Format Version 12.00
# Visual Studio Version 17
VisualStudioVersion = 17.3.32922.545
MinimumVisualStudioVersion = 10.0.40219.1
Project("{8BC9CEB8-8B4A-11D0-8D11-00A0C91BC942}") = "pchacker", "..\..\projects\pchacker\pchacker.vcxproj", "{C18CAFC6-03BE-4855-9C92-4CD92BED75B9}"
	ProjectSection(ProjectDependencies) = postProject
		{14CB4F04-0C16-45AD-BCB2-9FF49AA880D0} = {14CB4F04-0C16-45AD-BCB2-9FF49AA880D0}
		{D7782A2D-0176-4E67-832E-02D106CAD71D} = {D7782A2D-0176-4E67-832E-02D106CAD71D}
		{F7F7F777-140F-41B2-8CB9-9C0A09F6B56B} = {F7F7F777-140F-41B2-8CB9-9C0A09F6B56B}
		{FA00E444-730F-4396-B962-04627183CE18} = {FA00E444-730F-4396-B962-04627183CE18}
	EndProjectSection
EndProject
Project("{8BC9CEB8-8B4A-11D0-8D11-00A0C91BC942}") = "testpchacker", "..\..\tests\testpchacker\testpchacker.vcxproj", "{720F002C-D354-468A-8832-67673DCD370E}"
	ProjectSection(ProjectDependencies) = postProject
		{14DE33CC-4204-4565-9069-CC92445ACA34} = {14DE33CC-4204-4565-9069-CC92445ACA34}
		{C18CAFC6-03BE-4855-9C92-4CD92BED75B9} = {C18CAFC6-03BE-4855-9C92-4CD92BED75B9}
		{DF10BB76-4E83-4EE8-85B8-ECFECC80207A} = {DF10BB76-4E83-4EE8-85B8-ECFECC80207A}
	EndProjectSection
EndProject
Project("{2150E333-8FDC-42A3-9474-1A3956D46DE8}") = "shared", "shared", "{458DFE1A-92E0-4CDC-A0D1-722161531299}"
EndProject
Project("{8BC9CEB8-8B4A-11D0-8D11-00A0C91BC942}") = "wxskin", "shared\wxskin.vcxproj", "{14CB4F04-0C16-45AD-BCB2-9FF49AA880D0}"
EndProject
Project("{8BC9CEB8-8B4A-11D0-8D11-00A0C91BC942}") = "win", "shared\win.vcxproj", "{F7F7F777-140F-41B2-8CB9-9C0A09F6B56B}"
EndProject
Project("{2150E333-8FDC-42A3-9474-1A3956D46DE8}") = "3rdparty", "3rdparty", "{418A6839-6B14-4789-93F5-93977723E2E1}"
EndProject
Project("{8BC9CEB8-8B4A-11D0-8D11-00A0C91BC942}") = "libdui", "..\..\3rdparty\duilib\duilib.vcxproj", "{604863C3-EE26-416E-8DCE-6869133D5C07}"
EndProject
Project("{8BC9CEB8-8B4A-11D0-8D11-00A0C91BC942}") = "spdlog", "shared\spdlog.vcxproj", "{14DE33CC-4204-4565-9069-CC92445ACA34}"
EndProject
Project("{2150E333-8FDC-42A3-9474-1A3956D46DE8}") = "components", "components", "{C7CF7A23-BC36-4BC9-94C5-A3BFF3F312E8}"
EndProject
Project("{8BC9CEB8-8B4A-11D0-8D11-00A0C91BC942}") = "Taskman", "..\..\projects\pchacker\components\Taskman\Taskman.vcxproj", "{DF10BB76-4E83-4EE8-85B8-ECFECC80207A}"
EndProject
Project("{8BC9CEB8-8B4A-11D0-8D11-00A0C91BC942}") = "uvcpp", "..\..\3rdparty\uv-cpp\build\uvpp.vcxproj", "{D7782A2D-0176-4E67-832E-02D106CAD71D}"
EndProject
Project("{8BC9CEB8-8B4A-11D0-8D11-00A0C91BC942}") = "iconv", "shared\iconv.vcxproj", "{115B0629-EA6F-4A45-988A-D8925B952FB7}"
EndProject
Project("{8BC9CEB8-8B4A-11D0-8D11-00A0C91BC942}") = "openssl", "shared\openssl.vcxproj", "{FA00E444-730F-4396-B962-04627183CE18}"
EndProject
Project("{8BC9CEB8-8B4A-11D0-8D11-00A0C91BC942}") = "libcurl_zlib_ssl3-7.85.0", "..\..\3rdparty\curl-7.85.0\projects\Windows\VC17.3.5\lib\libcurl_zlib_ssl3-7.85.0.vcxproj", "{E369257D-A0D3-4D84-8163-EE12C02A942A}"
EndProject
Project("{8BC9CEB8-8B4A-11D0-8D11-00A0C91BC942}") = "curlpp-0.8.1", "..\..\3rdparty\curlpp-0.8.1\build\curlpp-0.8.1.vcxproj", "{2FB632C0-3C64-3BAE-9E3E-939DC9B078C4}"
EndProject
Global
	GlobalSection(SolutionConfigurationPlatforms) = preSolution
		Debug|x64 = Debug|x64
		Debug|x86 = Debug|x86
		Release|x64 = Release|x64
		Release|x86 = Release|x86
	EndGlobalSection
	GlobalSection(ProjectConfigurationPlatforms) = postSolution
		{C18CAFC6-03BE-4855-9C92-4CD92BED75B9}.Debug|x64.ActiveCfg = Debug|x64
		{C18CAFC6-03BE-4855-9C92-4CD92BED75B9}.Debug|x64.Build.0 = Debug|x64
		{C18CAFC6-03BE-4855-9C92-4CD92BED75B9}.Debug|x86.ActiveCfg = Debug|Win32
		{C18CAFC6-03BE-4855-9C92-4CD92BED75B9}.Debug|x86.Build.0 = Debug|Win32
		{C18CAFC6-03BE-4855-9C92-4CD92BED75B9}.Release|x64.ActiveCfg = Release|x64
		{C18CAFC6-03BE-4855-9C92-4CD92BED75B9}.Release|x64.Build.0 = Release|x64
		{C18CAFC6-03BE-4855-9C92-4CD92BED75B9}.Release|x86.ActiveCfg = Release|Win32
		{C18CAFC6-03BE-4855-9C92-4CD92BED75B9}.Release|x86.Build.0 = Release|Win32
		{720F002C-D354-468A-8832-67673DCD370E}.Debug|x64.ActiveCfg = Debug|x64
		{720F002C-D354-468A-8832-67673DCD370E}.Debug|x64.Build.0 = Debug|x64
		{720F002C-D354-468A-8832-67673DCD370E}.Debug|x86.ActiveCfg = Debug|Win32
		{720F002C-D354-468A-8832-67673DCD370E}.Debug|x86.Build.0 = Debug|Win32
		{720F002C-D354-468A-8832-67673DCD370E}.Release|x64.ActiveCfg = Release|x64
		{720F002C-D354-468A-8832-67673DCD370E}.Release|x64.Build.0 = Release|x64
		{720F002C-D354-468A-8832-67673DCD370E}.Release|x86.ActiveCfg = Release|Win32
		{720F002C-D354-468A-8832-67673DCD370E}.Release|x86.Build.0 = Release|Win32
		{14CB4F04-0C16-45AD-BCB2-9FF49AA880D0}.Debug|x64.ActiveCfg = Debug|x64
		{14CB4F04-0C16-45AD-BCB2-9FF49AA880D0}.Debug|x64.Build.0 = Debug|x64
		{14CB4F04-0C16-45AD-BCB2-9FF49AA880D0}.Debug|x86.ActiveCfg = Debug|Win32
		{14CB4F04-0C16-45AD-BCB2-9FF49AA880D0}.Debug|x86.Build.0 = Debug|Win32
		{14CB4F04-0C16-45AD-BCB2-9FF49AA880D0}.Release|x64.ActiveCfg = Release|x64
		{14CB4F04-0C16-45AD-BCB2-9FF49AA880D0}.Release|x64.Build.0 = Release|x64
		{14CB4F04-0C16-45AD-BCB2-9FF49AA880D0}.Release|x86.ActiveCfg = Release|Win32
		{14CB4F04-0C16-45AD-BCB2-9FF49AA880D0}.Release|x86.Build.0 = Release|Win32
		{F7F7F777-140F-41B2-8CB9-9C0A09F6B56B}.Debug|x64.ActiveCfg = Debug|x64
		{F7F7F777-140F-41B2-8CB9-9C0A09F6B56B}.Debug|x64.Build.0 = Debug|x64
		{F7F7F777-140F-41B2-8CB9-9C0A09F6B56B}.Debug|x86.ActiveCfg = Debug|Win32
		{F7F7F777-140F-41B2-8CB9-9C0A09F6B56B}.Debug|x86.Build.0 = Debug|Win32
		{F7F7F777-140F-41B2-8CB9-9C0A09F6B56B}.Release|x64.ActiveCfg = Release|x64
		{F7F7F777-140F-41B2-8CB9-9C0A09F6B56B}.Release|x64.Build.0 = Release|x64
		{F7F7F777-140F-41B2-8CB9-9C0A09F6B56B}.Release|x86.ActiveCfg = Release|Win32
		{F7F7F777-140F-41B2-8CB9-9C0A09F6B56B}.Release|x86.Build.0 = Release|Win32
		{604863C3-EE26-416E-8DCE-6869133D5C07}.Debug|x64.ActiveCfg = Debug|x64
		{604863C3-EE26-416E-8DCE-6869133D5C07}.Debug|x64.Build.0 = Debug|x64
		{604863C3-EE26-416E-8DCE-6869133D5C07}.Debug|x86.ActiveCfg = Debug|Win32
		{604863C3-EE26-416E-8DCE-6869133D5C07}.Debug|x86.Build.0 = Debug|Win32
		{604863C3-EE26-416E-8DCE-6869133D5C07}.Release|x64.ActiveCfg = Release|x64
		{604863C3-EE26-416E-8DCE-6869133D5C07}.Release|x64.Build.0 = Release|x64
		{604863C3-EE26-416E-8DCE-6869133D5C07}.Release|x86.ActiveCfg = Release|Win32
		{604863C3-EE26-416E-8DCE-6869133D5C07}.Release|x86.Build.0 = Release|Win32
		{14DE33CC-4204-4565-9069-CC92445ACA34}.Debug|x64.ActiveCfg = Debug|x64
		{14DE33CC-4204-4565-9069-CC92445ACA34}.Debug|x64.Build.0 = Debug|x64
		{14DE33CC-4204-4565-9069-CC92445ACA34}.Debug|x86.ActiveCfg = Debug|Win32
		{14DE33CC-4204-4565-9069-CC92445ACA34}.Debug|x86.Build.0 = Debug|Win32
		{14DE33CC-4204-4565-9069-CC92445ACA34}.Release|x64.ActiveCfg = Release|x64
		{14DE33CC-4204-4565-9069-CC92445ACA34}.Release|x64.Build.0 = Release|x64
		{14DE33CC-4204-4565-9069-CC92445ACA34}.Release|x86.ActiveCfg = Release|Win32
		{14DE33CC-4204-4565-9069-CC92445ACA34}.Release|x86.Build.0 = Release|Win32
		{DF10BB76-4E83-4EE8-85B8-ECFECC80207A}.Debug|x64.ActiveCfg = Debug|x64
		{DF10BB76-4E83-4EE8-85B8-ECFECC80207A}.Debug|x64.Build.0 = Debug|x64
		{DF10BB76-4E83-4EE8-85B8-ECFECC80207A}.Debug|x86.ActiveCfg = Debug|Win32
		{DF10BB76-4E83-4EE8-85B8-ECFECC80207A}.Debug|x86.Build.0 = Debug|Win32
		{DF10BB76-4E83-4EE8-85B8-ECFECC80207A}.Release|x64.ActiveCfg = Release|x64
		{DF10BB76-4E83-4EE8-85B8-ECFECC80207A}.Release|x64.Build.0 = Release|x64
		{DF10BB76-4E83-4EE8-85B8-ECFECC80207A}.Release|x86.ActiveCfg = Release|Win32
		{DF10BB76-4E83-4EE8-85B8-ECFECC80207A}.Release|x86.Build.0 = Release|Win32
		{D7782A2D-0176-4E67-832E-02D106CAD71D}.Debug|x64.ActiveCfg = Debug|x64
		{D7782A2D-0176-4E67-832E-02D106CAD71D}.Debug|x64.Build.0 = Debug|x64
		{D7782A2D-0176-4E67-832E-02D106CAD71D}.Debug|x86.ActiveCfg = Debug|Win32
		{D7782A2D-0176-4E67-832E-02D106CAD71D}.Debug|x86.Build.0 = Debug|Win32
		{D7782A2D-0176-4E67-832E-02D106CAD71D}.Release|x64.ActiveCfg = Release|x64
		{D7782A2D-0176-4E67-832E-02D106CAD71D}.Release|x64.Build.0 = Release|x64
		{D7782A2D-0176-4E67-832E-02D106CAD71D}.Release|x86.ActiveCfg = Release|Win32
		{D7782A2D-0176-4E67-832E-02D106CAD71D}.Release|x86.Build.0 = Release|Win32
		{115B0629-EA6F-4A45-988A-D8925B952FB7}.Debug|x64.ActiveCfg = Debug|x64
		{115B0629-EA6F-4A45-988A-D8925B952FB7}.Debug|x64.Build.0 = Debug|x64
		{115B0629-EA6F-4A45-988A-D8925B952FB7}.Debug|x86.ActiveCfg = Debug|Win32
		{115B0629-EA6F-4A45-988A-D8925B952FB7}.Debug|x86.Build.0 = Debug|Win32
		{115B0629-EA6F-4A45-988A-D8925B952FB7}.Release|x64.ActiveCfg = Release|x64
		{115B0629-EA6F-4A45-988A-D8925B952FB7}.Release|x64.Build.0 = Release|x64
		{115B0629-EA6F-4A45-988A-D8925B952FB7}.Release|x86.ActiveCfg = Release|Win32
		{115B0629-EA6F-4A45-988A-D8925B952FB7}.Release|x86.Build.0 = Release|Win32
		{FA00E444-730F-4396-B962-04627183CE18}.Debug|x64.ActiveCfg = Debug|x64
		{FA00E444-730F-4396-B962-04627183CE18}.Debug|x64.Build.0 = Debug|x64
		{FA00E444-730F-4396-B962-04627183CE18}.Debug|x86.ActiveCfg = Debug|Win32
		{FA00E444-730F-4396-B962-04627183CE18}.Debug|x86.Build.0 = Debug|Win32
		{FA00E444-730F-4396-B962-04627183CE18}.Release|x64.ActiveCfg = Release|x64
		{FA00E444-730F-4396-B962-04627183CE18}.Release|x64.Build.0 = Release|x64
		{FA00E444-730F-4396-B962-04627183CE18}.Release|x86.ActiveCfg = Release|Win32
		{FA00E444-730F-4396-B962-04627183CE18}.Release|x86.Build.0 = Release|Win32
		{E369257D-A0D3-4D84-8163-EE12C02A942A}.Debug|x64.ActiveCfg = Debug|x64
		{E369257D-A0D3-4D84-8163-EE12C02A942A}.Debug|x64.Build.0 = Debug|x64
		{E369257D-A0D3-4D84-8163-EE12C02A942A}.Debug|x86.ActiveCfg = Debug|Win32
		{E369257D-A0D3-4D84-8163-EE12C02A942A}.Debug|x86.Build.0 = Debug|Win32
		{E369257D-A0D3-4D84-8163-EE12C02A942A}.Release|x64.ActiveCfg = Release|x64
		{E369257D-A0D3-4D84-8163-EE12C02A942A}.Release|x64.Build.0 = Release|x64
		{E369257D-A0D3-4D84-8163-EE12C02A942A}.Release|x86.ActiveCfg = Release|Win32
		{E369257D-A0D3-4D84-8163-EE12C02A942A}.Release|x86.Build.0 = Release|Win32
		{2FB632C0-3C64-3BAE-9E3E-939DC9B078C4}.Debug|x64.ActiveCfg = Debug|x64
		{2FB632C0-3C64-3BAE-9E3E-939DC9B078C4}.Debug|x64.Build.0 = Debug|x64
		{2FB632C0-3C64-3BAE-9E3E-939DC9B078C4}.Debug|x86.ActiveCfg = Debug|Win32
		{2FB632C0-3C64-3BAE-9E3E-939DC9B078C4}.Debug|x86.Build.0 = Debug|Win32
		{2FB632C0-3C64-3BAE-9E3E-939DC9B078C4}.Release|x64.ActiveCfg = Release|x64
		{2FB632C0-3C64-3BAE-9E3E-939DC9B078C4}.Release|x64.Build.0 = Release|x64
		{2FB632C0-3C64-3BAE-9E3E-939DC9B078C4}.Release|x86.ActiveCfg = Release|Win32
		{2FB632C0-3C64-3BAE-9E3E-939DC9B078C4}.Release|x86.Build.0 = Release|Win32
	EndGlobalSection
	GlobalSection(SolutionProperties) = preSolution
		HideSolutionNode = FALSE
	EndGlobalSection
	GlobalSection(NestedProjects) = preSolution
		{14CB4F04-0C16-45AD-BCB2-9FF49AA880D0} = {458DFE1A-92E0-4CDC-A0D1-722161531299}
		{F7F7F777-140F-41B2-8CB9-9C0A09F6B56B} = {458DFE1A-92E0-4CDC-A0D1-722161531299}
		{604863C3-EE26-416E-8DCE-6869133D5C07} = {418A6839-6B14-4789-93F5-93977723E2E1}
		{14DE33CC-4204-4565-9069-CC92445ACA34} = {458DFE1A-92E0-4CDC-A0D1-722161531299}
		{DF10BB76-4E83-4EE8-85B8-ECFECC80207A} = {C7CF7A23-BC36-4BC9-94C5-A3BFF3F312E8}
		{D7782A2D-0176-4E67-832E-02D106CAD71D} = {418A6839-6B14-4789-93F5-93977723E2E1}
		{115B0629-EA6F-4A45-988A-D8925B952FB7} = {458DFE1A-92E0-4CDC-A0D1-722161531299}
		{FA00E444-730F-4396-B962-04627183CE18} = {458DFE1A-92E0-4CDC-A0D1-722161531299}
		{E369257D-A0D3-4D84-8163-EE12C02A942A} = {418A6839-6B14-4789-93F5-93977723E2E1}
		{2FB632C0-3C64-3BAE-9E3E-939DC9B078C4} = {418A6839-6B14-4789-93F5-93977723E2E1}
	EndGlobalSection
	GlobalSection(ExtensibilityGlobals) = postSolution
		SolutionGuid = {A19FFB18-4358-49C9-8481-B254AF170A10}
	EndGlobalSection
EndGlobal
