
Microsoft Visual Studio Solution File, Format Version 12.00
# Visual Studio Version 17
VisualStudioVersion = 17.3.32922.545
MinimumVisualStudioVersion = 10.0.40219.1
Project("{8BC9CEB8-8B4A-11D0-8D11-00A0C91BC942}") = "win", "shared\win.vcxproj", "{F7F7F777-140F-41B2-8CB9-9C0A09F6B56B}"
EndProject
Project("{8BC9CEB8-8B4A-11D0-8D11-00A0C91BC942}") = "ntobj", "shared\ntobj.vcxproj", "{CE21808D-6605-4077-90C9-1F180C0AEE4B}"
EndProject
Project("{8BC9CEB8-8B4A-11D0-8D11-00A0C91BC942}") = "zip++", "shared\zip++.vcxproj", "{E38F31A6-2370-4517-BCB4-9D302930E734}"
EndProject
Project("{8BC9CEB8-8B4A-11D0-8D11-00A0C91BC942}") = "openssl", "shared\openssl.vcxproj", "{FA00E444-730F-4396-B962-04627183CE18}"
EndProject
Project("{8BC9CEB8-8B4A-11D0-8D11-00A0C91BC942}") = "wxskin", "shared\wxskin.vcxproj", "{14CB4F04-0C16-45AD-BCB2-9FF49AA880D0}"
EndProject
Project("{8BC9CEB8-8B4A-11D0-8D11-00A0C91BC942}") = "spdlog", "shared\spdlog.vcxproj", "{14DE33CC-4204-4565-9069-CC92445ACA34}"
EndProject
Global
	GlobalSection(SolutionConfigurationPlatforms) = preSolution
		Debug|x64 = Debug|x64
		Debug|x86 = Debug|x86
		Release|x64 = Release|x64
		Release|x86 = Release|x86
	EndGlobalSection
	GlobalSection(ProjectConfigurationPlatforms) = postSolution
		{F7F7F777-140F-41B2-8CB9-9C0A09F6B56B}.Debug|x64.ActiveCfg = Debug|x64
		{F7F7F777-140F-41B2-8CB9-9C0A09F6B56B}.Debug|x64.Build.0 = Debug|x64
		{F7F7F777-140F-41B2-8CB9-9C0A09F6B56B}.Debug|x86.ActiveCfg = Debug|Win32
		{F7F7F777-140F-41B2-8CB9-9C0A09F6B56B}.Debug|x86.Build.0 = Debug|Win32
		{F7F7F777-140F-41B2-8CB9-9C0A09F6B56B}.Release|x64.ActiveCfg = Release|x64
		{F7F7F777-140F-41B2-8CB9-9C0A09F6B56B}.Release|x64.Build.0 = Release|x64
		{F7F7F777-140F-41B2-8CB9-9C0A09F6B56B}.Release|x86.ActiveCfg = Release|Win32
		{F7F7F777-140F-41B2-8CB9-9C0A09F6B56B}.Release|x86.Build.0 = Release|Win32
		{CE21808D-6605-4077-90C9-1F180C0AEE4B}.Debug|x64.ActiveCfg = Debug|x64
		{CE21808D-6605-4077-90C9-1F180C0AEE4B}.Debug|x64.Build.0 = Debug|x64
		{CE21808D-6605-4077-90C9-1F180C0AEE4B}.Debug|x86.ActiveCfg = Debug|Win32
		{CE21808D-6605-4077-90C9-1F180C0AEE4B}.Debug|x86.Build.0 = Debug|Win32
		{CE21808D-6605-4077-90C9-1F180C0AEE4B}.Release|x64.ActiveCfg = Release|x64
		{CE21808D-6605-4077-90C9-1F180C0AEE4B}.Release|x64.Build.0 = Release|x64
		{CE21808D-6605-4077-90C9-1F180C0AEE4B}.Release|x86.ActiveCfg = Release|Win32
		{CE21808D-6605-4077-90C9-1F180C0AEE4B}.Release|x86.Build.0 = Release|Win32
		{E38F31A6-2370-4517-BCB4-9D302930E734}.Debug|x64.ActiveCfg = Debug|x64
		{E38F31A6-2370-4517-BCB4-9D302930E734}.Debug|x64.Build.0 = Debug|x64
		{E38F31A6-2370-4517-BCB4-9D302930E734}.Debug|x86.ActiveCfg = Debug|Win32
		{E38F31A6-2370-4517-BCB4-9D302930E734}.Debug|x86.Build.0 = Debug|Win32
		{E38F31A6-2370-4517-BCB4-9D302930E734}.Release|x64.ActiveCfg = Release|x64
		{E38F31A6-2370-4517-BCB4-9D302930E734}.Release|x64.Build.0 = Release|x64
		{E38F31A6-2370-4517-BCB4-9D302930E734}.Release|x86.ActiveCfg = Release|Win32
		{E38F31A6-2370-4517-BCB4-9D302930E734}.Release|x86.Build.0 = Release|Win32
		{FA00E444-730F-4396-B962-04627183CE18}.Debug|x64.ActiveCfg = Debug|x64
		{FA00E444-730F-4396-B962-04627183CE18}.Debug|x64.Build.0 = Debug|x64
		{FA00E444-730F-4396-B962-04627183CE18}.Debug|x86.ActiveCfg = Debug|Win32
		{FA00E444-730F-4396-B962-04627183CE18}.Debug|x86.Build.0 = Debug|Win32
		{FA00E444-730F-4396-B962-04627183CE18}.Release|x64.ActiveCfg = Release|x64
		{FA00E444-730F-4396-B962-04627183CE18}.Release|x64.Build.0 = Release|x64
		{FA00E444-730F-4396-B962-04627183CE18}.Release|x86.ActiveCfg = Release|Win32
		{FA00E444-730F-4396-B962-04627183CE18}.Release|x86.Build.0 = Release|Win32
		{14CB4F04-0C16-45AD-BCB2-9FF49AA880D0}.Debug|x64.ActiveCfg = Debug|x64
		{14CB4F04-0C16-45AD-BCB2-9FF49AA880D0}.Debug|x64.Build.0 = Debug|x64
		{14CB4F04-0C16-45AD-BCB2-9FF49AA880D0}.Debug|x86.ActiveCfg = Debug|Win32
		{14CB4F04-0C16-45AD-BCB2-9FF49AA880D0}.Debug|x86.Build.0 = Debug|Win32
		{14CB4F04-0C16-45AD-BCB2-9FF49AA880D0}.Release|x64.ActiveCfg = Release|x64
		{14CB4F04-0C16-45AD-BCB2-9FF49AA880D0}.Release|x64.Build.0 = Release|x64
		{14CB4F04-0C16-45AD-BCB2-9FF49AA880D0}.Release|x86.ActiveCfg = Release|Win32
		{14CB4F04-0C16-45AD-BCB2-9FF49AA880D0}.Release|x86.Build.0 = Release|Win32
		{14DE33CC-4204-4565-9069-CC92445ACA34}.Debug|x64.ActiveCfg = Debug|x64
		{14DE33CC-4204-4565-9069-CC92445ACA34}.Debug|x64.Build.0 = Debug|x64
		{14DE33CC-4204-4565-9069-CC92445ACA34}.Debug|x86.ActiveCfg = Debug|Win32
		{14DE33CC-4204-4565-9069-CC92445ACA34}.Debug|x86.Build.0 = Debug|Win32
		{14DE33CC-4204-4565-9069-CC92445ACA34}.Release|x64.ActiveCfg = Release|x64
		{14DE33CC-4204-4565-9069-CC92445ACA34}.Release|x64.Build.0 = Release|x64
		{14DE33CC-4204-4565-9069-CC92445ACA34}.Release|x86.ActiveCfg = Release|Win32
		{14DE33CC-4204-4565-9069-CC92445ACA34}.Release|x86.Build.0 = Release|Win32
	EndGlobalSection
	GlobalSection(SolutionProperties) = preSolution
		HideSolutionNode = FALSE
	EndGlobalSection
	GlobalSection(ExtensibilityGlobals) = postSolution
		SolutionGuid = {6DA6A579-CBEA-45EB-9022-CEA96B5C9958}
	EndGlobalSection
EndGlobal
