
Microsoft Visual Studio Solution File, Format Version 12.00
# Visual Studio Version 17
VisualStudioVersion = 17.1.32210.238
MinimumVisualStudioVersion = 10.0.40219.1
Project("{8BC9CEB8-8B4A-11D0-8D11-00A0C91BC942}") = "compress", "tools\compress.vcxproj", "{22450052-31A1-4BCD-8469-A1D0391DAF14}"
EndProject
Project("{8BC9CEB8-8B4A-11D0-8D11-00A0C91BC942}") = "encryption", "tools\encryption.vcxproj", "{AAD29BF0-4426-4D2F-9B33-474273811945}"
EndProject
Project("{8BC9CEB8-8B4A-11D0-8D11-00A0C91BC942}") = "cppshellcode", "tools\cppshellcode.vcxproj", "{50D8EDD9-DEE5-4A2B-90C2-473630E702DE}"
EndProject
Project("{8BC9CEB8-8B4A-11D0-8D11-00A0C91BC942}") = "packet", "tools\packet.vcxproj", "{C73FA9AD-C84F-48E8-86CC-33CDF1AC3B27}"
	ProjectSection(ProjectDependencies) = postProject
		{22450052-31A1-4BCD-8469-A1D0391DAF14} = {22450052-31A1-4BCD-8469-A1D0391DAF14}
		{AAD29BF0-4426-4D2F-9B33-474273811945} = {AAD29BF0-4426-4D2F-9B33-474273811945}
	EndProjectSection
EndProject
Project("{8BC9CEB8-8B4A-11D0-8D11-00A0C91BC942}") = "update", "tools\update.vcxproj", "{435EB69D-A5E6-446C-932D-84FF382F9803}"
EndProject
Project("{8BC9CEB8-8B4A-11D0-8D11-00A0C91BC942}") = "fileedit", "tools\fileedit.vcxproj", "{CFC79F44-E804-470B-8EC2-F55F7962EC0B}"
EndProject
Project("{8BC9CEB8-8B4A-11D0-8D11-00A0C91BC942}") = "encode", "tools\encode.vcxproj", "{A2DFD9E5-927F-4858-85CF-CEC76B6EFA66}"
EndProject
Project("{8BC9CEB8-8B4A-11D0-8D11-00A0C91BC942}") = "developer_tool", "tools\developer_tool.vcxproj", "{76389990-C714-4D54-AD84-B11D64E655EE}"
	ProjectSection(ProjectDependencies) = postProject
		{22450052-31A1-4BCD-8469-A1D0391DAF14} = {22450052-31A1-4BCD-8469-A1D0391DAF14}
		{AAD29BF0-4426-4D2F-9B33-474273811945} = {AAD29BF0-4426-4D2F-9B33-474273811945}
	EndProjectSection
EndProject
Project("{8BC9CEB8-8B4A-11D0-8D11-00A0C91BC942}") = "shellcode_boot", "tools\shellcode_boot.vcxproj", "{6FC09BDB-365F-4691-BBD9-CB7F69C9527A}"
	ProjectSection(ProjectDependencies) = postProject
		{22450052-31A1-4BCD-8469-A1D0391DAF14} = {22450052-31A1-4BCD-8469-A1D0391DAF14}
		{AAD29BF0-4426-4D2F-9B33-474273811945} = {AAD29BF0-4426-4D2F-9B33-474273811945}
	EndProjectSection
EndProject
Project("{8BC9CEB8-8B4A-11D0-8D11-00A0C91BC942}") = "respak", "tools\respak.vcxproj", "{57237C0B-2CAB-4526-BFAA-DB15AC007BFF}"
EndProject
Global
	GlobalSection(SolutionConfigurationPlatforms) = preSolution
		Debug|x64 = Debug|x64
		Debug|x86 = Debug|x86
		Release|x64 = Release|x64
		Release|x86 = Release|x86
	EndGlobalSection
	GlobalSection(ProjectConfigurationPlatforms) = postSolution
		{22450052-31A1-4BCD-8469-A1D0391DAF14}.Debug|x64.ActiveCfg = Debug|x64
		{22450052-31A1-4BCD-8469-A1D0391DAF14}.Debug|x64.Build.0 = Debug|x64
		{22450052-31A1-4BCD-8469-A1D0391DAF14}.Debug|x86.ActiveCfg = Debug|Win32
		{22450052-31A1-4BCD-8469-A1D0391DAF14}.Debug|x86.Build.0 = Debug|Win32
		{22450052-31A1-4BCD-8469-A1D0391DAF14}.Release|x64.ActiveCfg = Release|x64
		{22450052-31A1-4BCD-8469-A1D0391DAF14}.Release|x64.Build.0 = Release|x64
		{22450052-31A1-4BCD-8469-A1D0391DAF14}.Release|x86.ActiveCfg = Release|Win32
		{22450052-31A1-4BCD-8469-A1D0391DAF14}.Release|x86.Build.0 = Release|Win32
		{AAD29BF0-4426-4D2F-9B33-474273811945}.Debug|x64.ActiveCfg = Debug|x64
		{AAD29BF0-4426-4D2F-9B33-474273811945}.Debug|x64.Build.0 = Debug|x64
		{AAD29BF0-4426-4D2F-9B33-474273811945}.Debug|x86.ActiveCfg = Debug|Win32
		{AAD29BF0-4426-4D2F-9B33-474273811945}.Debug|x86.Build.0 = Debug|Win32
		{AAD29BF0-4426-4D2F-9B33-474273811945}.Release|x64.ActiveCfg = Release|x64
		{AAD29BF0-4426-4D2F-9B33-474273811945}.Release|x64.Build.0 = Release|x64
		{AAD29BF0-4426-4D2F-9B33-474273811945}.Release|x86.ActiveCfg = Release|Win32
		{AAD29BF0-4426-4D2F-9B33-474273811945}.Release|x86.Build.0 = Release|Win32
		{50D8EDD9-DEE5-4A2B-90C2-473630E702DE}.Debug|x64.ActiveCfg = Debug|x64
		{50D8EDD9-DEE5-4A2B-90C2-473630E702DE}.Debug|x64.Build.0 = Debug|x64
		{50D8EDD9-DEE5-4A2B-90C2-473630E702DE}.Debug|x86.ActiveCfg = Debug|Win32
		{50D8EDD9-DEE5-4A2B-90C2-473630E702DE}.Debug|x86.Build.0 = Debug|Win32
		{50D8EDD9-DEE5-4A2B-90C2-473630E702DE}.Release|x64.ActiveCfg = Release|x64
		{50D8EDD9-DEE5-4A2B-90C2-473630E702DE}.Release|x64.Build.0 = Release|x64
		{50D8EDD9-DEE5-4A2B-90C2-473630E702DE}.Release|x86.ActiveCfg = Release|Win32
		{50D8EDD9-DEE5-4A2B-90C2-473630E702DE}.Release|x86.Build.0 = Release|Win32
		{C73FA9AD-C84F-48E8-86CC-33CDF1AC3B27}.Debug|x64.ActiveCfg = Debug|x64
		{C73FA9AD-C84F-48E8-86CC-33CDF1AC3B27}.Debug|x64.Build.0 = Debug|x64
		{C73FA9AD-C84F-48E8-86CC-33CDF1AC3B27}.Debug|x86.ActiveCfg = Debug|Win32
		{C73FA9AD-C84F-48E8-86CC-33CDF1AC3B27}.Debug|x86.Build.0 = Debug|Win32
		{C73FA9AD-C84F-48E8-86CC-33CDF1AC3B27}.Release|x64.ActiveCfg = Release|x64
		{C73FA9AD-C84F-48E8-86CC-33CDF1AC3B27}.Release|x64.Build.0 = Release|x64
		{C73FA9AD-C84F-48E8-86CC-33CDF1AC3B27}.Release|x86.ActiveCfg = Release|Win32
		{C73FA9AD-C84F-48E8-86CC-33CDF1AC3B27}.Release|x86.Build.0 = Release|Win32
		{435EB69D-A5E6-446C-932D-84FF382F9803}.Debug|x64.ActiveCfg = Debug|x64
		{435EB69D-A5E6-446C-932D-84FF382F9803}.Debug|x64.Build.0 = Debug|x64
		{435EB69D-A5E6-446C-932D-84FF382F9803}.Debug|x86.ActiveCfg = Debug|Win32
		{435EB69D-A5E6-446C-932D-84FF382F9803}.Debug|x86.Build.0 = Debug|Win32
		{435EB69D-A5E6-446C-932D-84FF382F9803}.Release|x64.ActiveCfg = Release|x64
		{435EB69D-A5E6-446C-932D-84FF382F9803}.Release|x64.Build.0 = Release|x64
		{435EB69D-A5E6-446C-932D-84FF382F9803}.Release|x86.ActiveCfg = Release|Win32
		{435EB69D-A5E6-446C-932D-84FF382F9803}.Release|x86.Build.0 = Release|Win32
		{CFC79F44-E804-470B-8EC2-F55F7962EC0B}.Debug|x64.ActiveCfg = Debug|x64
		{CFC79F44-E804-470B-8EC2-F55F7962EC0B}.Debug|x64.Build.0 = Debug|x64
		{CFC79F44-E804-470B-8EC2-F55F7962EC0B}.Debug|x86.ActiveCfg = Debug|Win32
		{CFC79F44-E804-470B-8EC2-F55F7962EC0B}.Debug|x86.Build.0 = Debug|Win32
		{CFC79F44-E804-470B-8EC2-F55F7962EC0B}.Release|x64.ActiveCfg = Release|x64
		{CFC79F44-E804-470B-8EC2-F55F7962EC0B}.Release|x64.Build.0 = Release|x64
		{CFC79F44-E804-470B-8EC2-F55F7962EC0B}.Release|x86.ActiveCfg = Release|Win32
		{CFC79F44-E804-470B-8EC2-F55F7962EC0B}.Release|x86.Build.0 = Release|Win32
		{A2DFD9E5-927F-4858-85CF-CEC76B6EFA66}.Debug|x64.ActiveCfg = Debug|x64
		{A2DFD9E5-927F-4858-85CF-CEC76B6EFA66}.Debug|x64.Build.0 = Debug|x64
		{A2DFD9E5-927F-4858-85CF-CEC76B6EFA66}.Debug|x86.ActiveCfg = Debug|Win32
		{A2DFD9E5-927F-4858-85CF-CEC76B6EFA66}.Debug|x86.Build.0 = Debug|Win32
		{A2DFD9E5-927F-4858-85CF-CEC76B6EFA66}.Release|x64.ActiveCfg = Release|x64
		{A2DFD9E5-927F-4858-85CF-CEC76B6EFA66}.Release|x64.Build.0 = Release|x64
		{A2DFD9E5-927F-4858-85CF-CEC76B6EFA66}.Release|x86.ActiveCfg = Release|Win32
		{A2DFD9E5-927F-4858-85CF-CEC76B6EFA66}.Release|x86.Build.0 = Release|Win32
		{76389990-C714-4D54-AD84-B11D64E655EE}.Debug|x64.ActiveCfg = Debug|x64
		{76389990-C714-4D54-AD84-B11D64E655EE}.Debug|x64.Build.0 = Debug|x64
		{76389990-C714-4D54-AD84-B11D64E655EE}.Debug|x86.ActiveCfg = Debug|Win32
		{76389990-C714-4D54-AD84-B11D64E655EE}.Debug|x86.Build.0 = Debug|Win32
		{76389990-C714-4D54-AD84-B11D64E655EE}.Release|x64.ActiveCfg = Release|x64
		{76389990-C714-4D54-AD84-B11D64E655EE}.Release|x64.Build.0 = Release|x64
		{76389990-C714-4D54-AD84-B11D64E655EE}.Release|x86.ActiveCfg = Release|Win32
		{76389990-C714-4D54-AD84-B11D64E655EE}.Release|x86.Build.0 = Release|Win32
		{6FC09BDB-365F-4691-BBD9-CB7F69C9527A}.Debug|x64.ActiveCfg = Debug|x64
		{6FC09BDB-365F-4691-BBD9-CB7F69C9527A}.Debug|x86.ActiveCfg = Debug|Win32
		{6FC09BDB-365F-4691-BBD9-CB7F69C9527A}.Release|x64.ActiveCfg = Release|x64
		{6FC09BDB-365F-4691-BBD9-CB7F69C9527A}.Release|x64.Build.0 = Release|x64
		{6FC09BDB-365F-4691-BBD9-CB7F69C9527A}.Release|x86.ActiveCfg = Release|Win32
		{6FC09BDB-365F-4691-BBD9-CB7F69C9527A}.Release|x86.Build.0 = Release|Win32
		{57237C0B-2CAB-4526-BFAA-DB15AC007BFF}.Debug|x64.ActiveCfg = Debug|x64
		{57237C0B-2CAB-4526-BFAA-DB15AC007BFF}.Debug|x64.Build.0 = Debug|x64
		{57237C0B-2CAB-4526-BFAA-DB15AC007BFF}.Debug|x86.ActiveCfg = Debug|Win32
		{57237C0B-2CAB-4526-BFAA-DB15AC007BFF}.Debug|x86.Build.0 = Debug|Win32
		{57237C0B-2CAB-4526-BFAA-DB15AC007BFF}.Release|x64.ActiveCfg = Release|x64
		{57237C0B-2CAB-4526-BFAA-DB15AC007BFF}.Release|x64.Build.0 = Release|x64
		{57237C0B-2CAB-4526-BFAA-DB15AC007BFF}.Release|x86.ActiveCfg = Release|Win32
		{57237C0B-2CAB-4526-BFAA-DB15AC007BFF}.Release|x86.Build.0 = Release|Win32
	EndGlobalSection
	GlobalSection(SolutionProperties) = preSolution
		HideSolutionNode = FALSE
	EndGlobalSection
	GlobalSection(ExtensibilityGlobals) = postSolution
		SolutionGuid = {88BFD647-381E-4CB9-A533-56CE11F7B819}
	EndGlobalSection
EndGlobal
